{
  "pins" : [
    {
      "identity" : "bitmovin-analytics-collector-ios",
      "kind" : "remoteSourceControl",
      "location" : "https://github.com/bitmovin/bitmovin-analytics-collector-ios.git",
      "state" : {
        "revision" : "7933c91ca58dc0c69a21347f27396530147d3fc5",
        "version" : "3.12.1"
      }
    },
    {
      "identity" : "ios-vlbeacon-spm",
      "kind" : "remoteSourceControl",
      "location" : "https://github.com/snagfilms/iOS-VLBeacon-SPM.git",
      "state" : {
        "branch" : "3.0.0",
        "revision" : "0c76bd191cf00f3aa382dc02c9644e1793b4948f"
      }
    },
    {
      "identity" : "m3u8parser",
      "kind" : "remoteSourceControl",
      "location" : "https://github.com/M3U8Kit/M3U8Parser.git",
      "state" : {
        "revision" : "f7965520f3f8b31ee3a9329739623995a91cc789",
        "version" : "1.1.0"
      }
    },
    {
      "identity" : "mux-stats-sdk-avplayer",
      "kind" : "remoteSourceControl",
      "location" : "https://github.com/muxinc/mux-stats-sdk-avplayer",
      "state" : {
        "revision" : "7ef1eb94baf12959e0c71c28b43ed1afb6e23dcc",
        "version" : "4.6.1"
      }
    },
    {
      "identity" : "player-ios",
      "kind" : "remoteSourceControl",
      "location" : "https://github.com/bitmovin/player-ios.git",
      "state" : {
        "revision" : "6a38a2ae61de2e1022b46a0fb12d1df9bc1f8aa5",
        "version" : "3.88.0"
      }
    },
    {
      "identity" : "player-ios-core",
      "kind" : "remoteSourceControl",
      "location" : "https://github.com/bitmovin/player-ios-core.git",
      "state" : {
        "revision" : "7f7a6aa3f95089bbe3cda50d9f370a634f54a621",
        "version" : "3.88.0"
      }
    },
    {
      "identity" : "stats-sdk-objc",
      "kind" : "remoteSourceControl",
      "location" : "https://github.com/muxinc/stats-sdk-objc.git",
      "state" : {
        "revision" : "1d2c51af433eadb5f904904554422d7bc476c167",
        "version" : "5.4.0"
      }
    },
    {
      "identity" : "visualeffectview",
      "kind" : "remoteSourceControl",
      "location" : "https://github.com/efremidze/VisualEffectView.git",
      "state" : {
        "branch" : "master",
        "revision" : "89393238d70d884bedee110da0fee3d94baaf824"
      }
    }
  ],
  "version" : 2
}
