{
  "pins" : [
    {
      "identity" : "bitmovin-analytics-collector-ios",
      "kind" : "remoteSourceControl",
      "location" : "https://github.com/bitmovin/bitmovin-analytics-collector-ios.git",
      "state" : {
        "revision" : "4333bb3606006f990ee349963c9cbaafe47965df",
        "version" : "3.12.0"
      }
    },
    {
      "identity" : "ios-vlbeacon-spm",
      "kind" : "remoteSourceControl",
      "location" : "https://github.com/snagfilms/iOS-VLBeacon-SPM.git",
      "state" : {
        "branch" : "3.2.2",
        "revision" : "ab59f6b99059fe737f5cb43fc60800707d632a6b"
      }
    },
    {
      "identity" : "m3u8parser",
      "kind" : "remoteSourceControl",
      "location" : "https://github.com/M3U8Kit/M3U8Parser.git",
      "state" : {
        "revision" : "f7965520f3f8b31ee3a9329739623995a91cc789",
        "version" : "1.1.0"
      }
    },
    {
      "identity" : "mux-stats-sdk-avplayer",
      "kind" : "remoteSourceControl",
      "location" : "https://github.com/muxinc/mux-stats-sdk-avplayer",
      "state" : {
        "revision" : "705cb2b57cee36f9e74033bfd1d346d9b4f04d71",
        "version" : "4.0.0"
      }
    },
    {
      "identity" : "player-ios",
      "kind" : "remoteSourceControl",
      "location" : "https://github.com/bitmovin/player-ios.git",
      "state" : {
        "revision" : "ee00bc3bc4d6e5314e6a5e3295ff2436a117514c",
        "version" : "3.85.2"
      }
    },
    {
      "identity" : "player-ios-core",
      "kind" : "remoteSourceControl",
      "location" : "https://github.com/bitmovin/player-ios-core.git",
      "state" : {
        "revision" : "a46f9933d6b61b11394c2e283bb6e47014db480b",
        "version" : "3.85.2"
      }
    },
    {
      "identity" : "stats-sdk-objc",
      "kind" : "remoteSourceControl",
      "location" : "https://github.com/muxinc/stats-sdk-objc.git",
      "state" : {
        "revision" : "93560ea15cc763d18c97c2942c21b807f81cf0a1",
        "version" : "5.0.1"
      }
    },
    {
      "identity" : "visualeffectview",
      "kind" : "remoteSourceControl",
      "location" : "https://github.com/efremidze/VisualEffectView.git",
      "state" : {
        "branch" : "master",
        "revision" : "8fe7e0f7179d466b9456f92bc10045a678667179"
      }
    }
  ],
  "version" : 2
}
