{
  "pins" : [
    {
      "identity" : "ios-vlbeacon-spm",
      "kind" : "remoteSourceControl",
      "location" : "https://github.com/snagfilms/iOS-VLBeacon-SPM.git",
      "state" : {
        "branch" : "main",
        "revision" : "bdaf79c915dc0757db7c05420a82a2733663fa57"
      }
    },
    {
      "identity" : "m3u8parser",
      "kind" : "remoteSourceControl",
      "location" : "https://github.com/M3U8Kit/M3U8Parser.git",
      "state" : {
        "revision" : "118469bbb6db6ece3f799b9565a7429c8c377c60",
        "version" : "1.0.2"
      }
    },
    {
      "identity" : "visualeffectview",
      "kind" : "remoteSourceControl",
      "location" : "https://github.com/efremidze/VisualEffectView.git",
      "state" : {
        "revision" : "df0121bbd2bb99c1ccd8eed5c5b932fb1648dfe4",
        "version" : "4.1.5"
      }
    }
  ],
  "version" : 2
}
