{
  "originHash" : "cf32f4790f56e65fe2b599c5c45a44aa912942c94b0b0f4fff5fca5b6bd2adca",
  "pins" : [
    {
      "identity" : "aepsdk-analytics-ios",
      "kind" : "remoteSourceControl",
      "location" : "https://github.com/adobe/aepsdk-analytics-ios.git",
      "state" : {
        "revision" : "69835581e2f1351d39f6f5d25030857b1f79354d",
        "version" : "5.0.2"
      }
    },
    {
      "identity" : "aepsdk-core-ios",
      "kind" : "remoteSourceControl",
      "location" : "https://github.com/adobe/aepsdk-core-ios.git",
      "state" : {
        "revision" : "3df34740bf0493dfdc32632ac6a98f340740d9db",
        "version" : "5.7.0"
      }
    },
    {
      "identity" : "aepsdk-media-ios",
      "kind" : "remoteSourceControl",
      "location" : "https://github.com/adobe/aepsdk-media-ios.git",
      "state" : {
        "revision" : "116ba5bf349bccfc10d6c21a99ef736b3acffc39",
        "version" : "5.0.1"
      }
    },
    {
      "identity" : "aepsdk-rulesengine-ios",
      "kind" : "remoteSourceControl",
      "location" : "https://github.com/adobe/aepsdk-rulesengine-ios.git",
      "state" : {
        "revision" : "514d2b3787c545bfa6749ffce5dd3e6f560c9319",
        "version" : "5.0.0"
      }
    },
    {
      "identity" : "analytics-swift",
      "kind" : "remoteSourceControl",
      "location" : "https://github.com/segmentio/analytics-swift",
      "state" : {
        "revision" : "f604cef21bb7269f76136c68bd664c6c993f8e28",
        "version" : "1.9.1"
      }
    },
    {
      "identity" : "appsflyerframework",
      "kind" : "remoteSourceControl",
      "location" : "https://github.com/AppsFlyerSDK/AppsFlyerFramework.git",
      "state" : {
        "revision" : "6cc9a9400a9d15e26d1ccf83ed9924c1dfbe8b75",
        "version" : "6.17.8"
      }
    },
    {
      "identity" : "bitmovin-analytics-collector-ios",
      "kind" : "remoteSourceControl",
      "location" : "https://github.com/bitmovin/bitmovin-analytics-collector-ios.git",
      "state" : {
        "revision" : "f8d075366295a48e614085795f6383aa322470d0",
        "version" : "3.20.0"
      }
    },
    {
      "identity" : "braze-swift-sdk",
      "kind" : "remoteSourceControl",
      "location" : "https://github.com/braze-inc/braze-swift-sdk",
      "state" : {
        "revision" : "8ed872cbd122f68333928597d2b2d2af52bdceb4",
        "version" : "13.3.0"
      }
    },
    {
      "identity" : "clevertap-ios-sdk",
      "kind" : "remoteSourceControl",
      "location" : "https://github.com/CleverTap/clevertap-ios-sdk.git",
      "state" : {
        "revision" : "189f51732f304a8e5747f301c49f26bc25aeb6b4",
        "version" : "3.10.0"
      }
    },
    {
      "identity" : "comscore-swift-package-manager",
      "kind" : "remoteSourceControl",
      "location" : "https://github.com/comScore/Comscore-Swift-Package-Manager",
      "state" : {
        "revision" : "a56decdcf19228ae2b4b35a4836768bb1cfaa6b1",
        "version" : "6.15.0"
      }
    },
    {
      "identity" : "conviva-ios-appanalytics",
      "kind" : "remoteSourceControl",
      "location" : "https://github.com/conviva/conviva-ios-appanalytics",
      "state" : {
        "revision" : "25923eededa859e69cfb498e0c5ebffdcde1772d",
        "version" : "1.8.0"
      }
    },
    {
      "identity" : "conviva-ios-avfoundation-spm",
      "kind" : "remoteSourceControl",
      "location" : "https://github.com/Conviva/conviva-ios-avfoundation-spm",
      "state" : {
        "revision" : "c862220f4fe6b823f97bca14c7685fd852f2a8b3",
        "version" : "4.3.0"
      }
    },
    {
      "identity" : "ctnotificationservice",
      "kind" : "remoteSourceControl",
      "location" : "https://github.com/CleverTap/CTNotificationService",
      "state" : {
        "revision" : "9fb05bd25296f62be89d0ed0542a8473a96234e1",
        "version" : "0.1.7"
      }
    },
    {
      "identity" : "ios-vlanalytics-spm",
      "kind" : "remoteSourceControl",
      "location" : "https://github.com/snagfilms/iOS-VLAnalytics-SPM",
      "state" : {
        "branch" : "3.0.10",
        "revision" : "a60a1a4899391c988818d2591e10c3dadc08771a"
      }
    },
    {
      "identity" : "ios-vlauthentication-spm",
      "kind" : "remoteSourceControl",
      "location" : "https://github.com/snagfilms/iOS-VLAuthentication-SPM",
      "state" : {
        "branch" : "3.1.14",
        "revision" : "13095b09ec926af0db1a2d92a61ede5504f02c4e"
      }
    },
    {
      "identity" : "ios-vlbeacon-spm",
      "kind" : "remoteSourceControl",
      "location" : "https://github.com/snagfilms/iOS-VLBeacon-SPM.git",
      "state" : {
        "revision" : "ac0669523958a079568e8e7510d63597bcc8c37d",
        "version" : "3.2.6"
      }
    },
    {
      "identity" : "jsonsafeencoding-swift",
      "kind" : "remoteSourceControl",
      "location" : "https://github.com/segmentio/jsonsafeencoding-swift.git",
      "state" : {
        "revision" : "af6a8b360984085e36c6341b21ecb35c12f47ebd",
        "version" : "2.0.0"
      }
    },
    {
      "identity" : "kingfisher",
      "kind" : "remoteSourceControl",
      "location" : "https://github.com/onevcat/Kingfisher.git",
      "state" : {
        "revision" : "2ef543ee21d63734e1c004ad6c870255e8716c50",
        "version" : "7.12.0"
      }
    },
    {
      "identity" : "m3u8parser",
      "kind" : "remoteSourceControl",
      "location" : "https://github.com/M3U8Kit/M3U8Parser.git",
      "state" : {
        "revision" : "118469bbb6db6ece3f799b9565a7429c8c377c60",
        "version" : "1.0.2"
      }
    },
    {
      "identity" : "mux-stats-sdk-avplayer",
      "kind" : "remoteSourceControl",
      "location" : "https://github.com/muxinc/mux-stats-sdk-avplayer.git",
      "state" : {
        "revision" : "705cb2b57cee36f9e74033bfd1d346d9b4f04d71",
        "version" : "4.0.0"
      }
    },
    {
      "identity" : "player-ios",
      "kind" : "remoteSourceControl",
      "location" : "https://github.com/bitmovin/player-ios.git",
      "state" : {
        "revision" : "ee00bc3bc4d6e5314e6a5e3295ff2436a117514c",
        "version" : "3.85.2"
      }
    },
    {
      "identity" : "player-ios-core",
      "kind" : "remoteSourceControl",
      "location" : "https://github.com/bitmovin/player-ios-core.git",
      "state" : {
        "revision" : "a46f9933d6b61b11394c2e283bb6e47014db480b",
        "version" : "3.85.2"
      }
    },
    {
      "identity" : "sdwebimage",
      "kind" : "remoteSourceControl",
      "location" : "https://github.com/SDWebImage/SDWebImage.git",
      "state" : {
        "revision" : "36e79ba485e9bb4d3cd4e3318908866dac5e7b51",
        "version" : "5.21.5"
      }
    },
    {
      "identity" : "sovran-swift",
      "kind" : "remoteSourceControl",
      "location" : "https://github.com/segmentio/sovran-swift.git",
      "state" : {
        "revision" : "24867f3e4ac62027db9827112135e6531b6f4051",
        "version" : "1.1.2"
      }
    },
    {
      "identity" : "stats-sdk-objc",
      "kind" : "remoteSourceControl",
      "location" : "https://github.com/muxinc/stats-sdk-objc.git",
      "state" : {
        "revision" : "93560ea15cc763d18c97c2942c21b807f81cf0a1",
        "version" : "5.0.1"
      }
    },
    {
      "identity" : "swift-package-manager-google-interactive-media-ads-ios",
      "kind" : "remoteSourceControl",
      "location" : "https://github.com/googleads/swift-package-manager-google-interactive-media-ads-ios.git",
      "state" : {
        "revision" : "871bc80349774ba228c41096129995d1e9848b04",
        "version" : "3.28.10"
      }
    },
    {
      "identity" : "swift-package-manager-google-interactive-media-ads-tvos",
      "kind" : "remoteSourceControl",
      "location" : "https://github.com/googleads/swift-package-manager-google-interactive-media-ads-tvos.git",
      "state" : {
        "revision" : "fe5a302eb17388077258b02e2a18e88f63100625",
        "version" : "4.16.0"
      }
    },
    {
      "identity" : "viewlift-ios-playerframework",
      "kind" : "remoteSourceControl",
      "location" : "https://github.com/snagfilms/ViewLift-IOS-PlayerFramework",
      "state" : {
        "branch" : "3.2.30",
        "revision" : "8fd578a9c1909c6deb5eadd6dde037ac4544a4b7"
      }
    },
    {
      "identity" : "visualeffectview",
      "kind" : "remoteSourceControl",
      "location" : "https://github.com/efremidze/VisualEffectView.git",
      "state" : {
        "revision" : "405baa5eba273ead6a23272605adc3232422262b",
        "version" : "5.0.8"
      }
    }
  ],
  "version" : 3
}
