{
  "originHash" : "41007ab6777fdc39963b2ced9e8882fb09d2f82433dd983e6ef80067d4c47108",
  "pins" : [
    {
      "identity" : "aepsdk-analytics-ios",
      "kind" : "remoteSourceControl",
      "location" : "https://github.com/adobe/aepsdk-analytics-ios.git",
      "state" : {
        "revision" : "69835581e2f1351d39f6f5d25030857b1f79354d",
        "version" : "5.0.2"
      }
    },
    {
      "identity" : "aepsdk-core-ios",
      "kind" : "remoteSourceControl",
      "location" : "https://github.com/adobe/aepsdk-core-ios.git",
      "state" : {
        "revision" : "73079674d25c717a671ee4fbe6498f018234597a",
        "version" : "5.9.0"
      }
    },
    {
      "identity" : "aepsdk-media-ios",
      "kind" : "remoteSourceControl",
      "location" : "https://github.com/adobe/aepsdk-media-ios.git",
      "state" : {
        "revision" : "116ba5bf349bccfc10d6c21a99ef736b3acffc39",
        "version" : "5.0.1"
      }
    },
    {
      "identity" : "aepsdk-rulesengine-ios",
      "kind" : "remoteSourceControl",
      "location" : "https://github.com/adobe/aepsdk-rulesengine-ios.git",
      "state" : {
        "revision" : "514d2b3787c545bfa6749ffce5dd3e6f560c9319",
        "version" : "5.0.0"
      }
    },
    {
      "identity" : "analytics-swift",
      "kind" : "remoteSourceControl",
      "location" : "https://github.com/segmentio/analytics-swift",
      "state" : {
        "revision" : "729d6ae08b5488123f5c8e973cd4385ffa84f46a",
        "version" : "1.9.4"
      }
    },
    {
      "identity" : "appsflyerframework",
      "kind" : "remoteSourceControl",
      "location" : "https://github.com/AppsFlyerSDK/AppsFlyerFramework.git",
      "state" : {
        "revision" : "edd3e30e4bafe527bc3df51250479302120510f3",
        "version" : "6.18.1"
      }
    },
    {
      "identity" : "authenticationframework",
      "kind" : "remoteSourceControl",
      "location" : "https://github.com/snagfilms/AuthenticationFramework",
      "state" : {
        "revision" : "feb663b60de5e2848168ca735af70a9451a6acd1",
        "version" : "3.1.21"
      }
    },
    {
      "identity" : "bitmovin-analytics-collector-ios",
      "kind" : "remoteSourceControl",
      "location" : "https://github.com/bitmovin/bitmovin-analytics-collector-ios.git",
      "state" : {
        "revision" : "50a089c1cd2084b32cde3838c63f8f52457b1f83",
        "version" : "3.25.1"
      }
    },
    {
      "identity" : "braze-swift-sdk",
      "kind" : "remoteSourceControl",
      "location" : "https://github.com/braze-inc/braze-swift-sdk",
      "state" : {
        "revision" : "8ed872cbd122f68333928597d2b2d2af52bdceb4",
        "version" : "13.3.0"
      }
    },
    {
      "identity" : "clevertap-ios-sdk",
      "kind" : "remoteSourceControl",
      "location" : "https://github.com/CleverTap/clevertap-ios-sdk.git",
      "state" : {
        "revision" : "189f51732f304a8e5747f301c49f26bc25aeb6b4",
        "version" : "3.10.0"
      }
    },
    {
      "identity" : "comscore-swift-package-manager",
      "kind" : "remoteSourceControl",
      "location" : "https://github.com/comScore/Comscore-Swift-Package-Manager",
      "state" : {
        "revision" : "966992952a84510ac3a086d745f1681302b5cb26",
        "version" : "6.17.0"
      }
    },
    {
      "identity" : "conviva-ios-appanalytics",
      "kind" : "remoteSourceControl",
      "location" : "https://github.com/conviva/conviva-ios-appanalytics",
      "state" : {
        "revision" : "59e6310e6c25a64e10212ca930ed74341aa452b7",
        "version" : "1.12.0"
      }
    },
    {
      "identity" : "conviva-ios-avfoundation-spm",
      "kind" : "remoteSourceControl",
      "location" : "https://github.com/Conviva/conviva-ios-avfoundation-spm",
      "state" : {
        "revision" : "488d3c52cce25055f974ba8d17d9387dacb47965",
        "version" : "4.3.2"
      }
    },
    {
      "identity" : "ios-vlanalytics-spm",
      "kind" : "remoteSourceControl",
      "location" : "https://github.com/snagfilms/iOS-VLAnalytics-SPM",
      "state" : {
        "revision" : "1dd06c31cb547124fa01e680f4da9c20d5ef9f22",
        "version" : "3.0.15"
      }
    },
    {
      "identity" : "ios-vlbeacon-spm",
      "kind" : "remoteSourceControl",
      "location" : "https://github.com/snagfilms/iOS-VLBeacon-SPM.git",
      "state" : {
        "revision" : "0676e693d6c038450f61f454497f0c8abb835c00",
        "version" : "3.2.7"
      }
    },
    {
      "identity" : "ios-vlnotification-spm",
      "kind" : "remoteSourceControl",
      "location" : "https://github.com/snagfilms/iOS-VLNotification-SPM.git",
      "state" : {
        "revision" : "6d59deba12ee5d5b12b52d21bc4c1877ecab6ee4",
        "version" : "1.0.1"
      }
    },
    {
      "identity" : "jsonsafeencoding-swift",
      "kind" : "remoteSourceControl",
      "location" : "https://github.com/segmentio/jsonsafeencoding-swift.git",
      "state" : {
        "revision" : "af6a8b360984085e36c6341b21ecb35c12f47ebd",
        "version" : "2.0.0"
      }
    },
    {
      "identity" : "kingfisher",
      "kind" : "remoteSourceControl",
      "location" : "https://github.com/onevcat/Kingfisher.git",
      "state" : {
        "revision" : "ac632bd26a1c00f139ff62fd01806f21cf67325e",
        "version" : "8.10.0"
      }
    },
    {
      "identity" : "m3u8parser",
      "kind" : "remoteSourceControl",
      "location" : "https://github.com/M3U8Kit/M3U8Parser.git",
      "state" : {
        "revision" : "118469bbb6db6ece3f799b9565a7429c8c377c60",
        "version" : "1.0.2"
      }
    },
    {
      "identity" : "mux-stats-sdk-avplayer",
      "kind" : "remoteSourceControl",
      "location" : "https://github.com/muxinc/mux-stats-sdk-avplayer",
      "state" : {
        "revision" : "705cb2b57cee36f9e74033bfd1d346d9b4f04d71",
        "version" : "4.0.0"
      }
    },
    {
      "identity" : "player-ios",
      "kind" : "remoteSourceControl",
      "location" : "https://github.com/bitmovin/player-ios.git",
      "state" : {
        "revision" : "ee00bc3bc4d6e5314e6a5e3295ff2436a117514c",
        "version" : "3.85.2"
      }
    },
    {
      "identity" : "player-ios-core",
      "kind" : "remoteSourceControl",
      "location" : "https://github.com/bitmovin/player-ios-core.git",
      "state" : {
        "revision" : "a46f9933d6b61b11394c2e283bb6e47014db480b",
        "version" : "3.85.2"
      }
    },
    {
      "identity" : "sdwebimage",
      "kind" : "remoteSourceControl",
      "location" : "https://github.com/SDWebImage/SDWebImage.git",
      "state" : {
        "revision" : "2de3a496eaf6df9a1312862adcfd54acd73c39c0",
        "version" : "5.21.7"
      }
    },
    {
      "identity" : "sovran-swift",
      "kind" : "remoteSourceControl",
      "location" : "https://github.com/segmentio/sovran-swift.git",
      "state" : {
        "revision" : "24867f3e4ac62027db9827112135e6531b6f4051",
        "version" : "1.1.2"
      }
    },
    {
      "identity" : "stats-sdk-objc",
      "kind" : "remoteSourceControl",
      "location" : "https://github.com/muxinc/stats-sdk-objc.git",
      "state" : {
        "revision" : "93560ea15cc763d18c97c2942c21b807f81cf0a1",
        "version" : "5.0.1"
      }
    },
    {
      "identity" : "swift-package-manager-google-interactive-media-ads-ios",
      "kind" : "remoteSourceControl",
      "location" : "https://github.com/googleads/swift-package-manager-google-interactive-media-ads-ios.git",
      "state" : {
        "revision" : "871bc80349774ba228c41096129995d1e9848b04",
        "version" : "3.28.10"
      }
    },
    {
      "identity" : "swift-package-manager-google-interactive-media-ads-tvos",
      "kind" : "remoteSourceControl",
      "location" : "https://github.com/googleads/swift-package-manager-google-interactive-media-ads-tvos.git",
      "state" : {
        "revision" : "57518781b117c619cb4d54b6b82117268cd1eb9a",
        "version" : "4.17.0"
      }
    },
    {
      "identity" : "viewlift-ios-playerframework",
      "kind" : "remoteSourceControl",
      "location" : "https://github.com/snagfilms/ViewLift-IOS-PlayerFramework",
      "state" : {
        "revision" : "58ad49b32365b9723c97781c2c5a234085b33c99",
        "version" : "3.2.44"
      }
    },
    {
      "identity" : "visualeffectview",
      "kind" : "remoteSourceControl",
      "location" : "https://github.com/efremidze/VisualEffectView.git",
      "state" : {
        "revision" : "405baa5eba273ead6a23272605adc3232422262b",
        "version" : "5.0.8"
      }
    }
  ],
  "version" : 3
}
