// !$*UTF8*$!
{
	archiveVersion = 1;
	classes = {
	};
	objectVersion = 70;
	objects = {

/* Begin PBXBuildFile section */
		5422EFF4209912C600206D66 /* AppDelegate.swift in Sources */ = {isa = PBXBuildFile; fileRef = 5422EFF3209912C600206D66 /* AppDelegate.swift */; };
		5422EFF6209912C600206D66 /* ViewController.swift in Sources */ = {isa = PBXBuildFile; fileRef = 5422EFF5209912C600206D66 /* ViewController.swift */; };
		5422EFF9209912C600206D66 /* Main.storyboard in Resources */ = {isa = PBXBuildFile; fileRef = 5422EFF7209912C600206D66 /* Main.storyboard */; };
		5422EFFB209912C600206D66 /* Assets.xcassets in Resources */ = {isa = PBXBuildFile; fileRef = 5422EFFA209912C600206D66 /* Assets.xcassets */; };
		5422EFFE209912C600206D66 /* LaunchScreen.storyboard in Resources */ = {isa = PBXBuildFile; fileRef = 5422EFFC209912C600206D66 /* LaunchScreen.storyboard */; };
		5455724820F3CD5A001BCC24 /* FullScreenPlayerViewController.swift in Sources */ = {isa = PBXBuildFile; fileRef = 5455724720F3CD5A001BCC24 /* FullScreenPlayerViewController.swift */; };
		54703A0C20CAFE9A003B543D /* CustomVideoControls.swift in Sources */ = {isa = PBXBuildFile; fileRef = 54703A0A20CAFE9A003B543D /* CustomVideoControls.swift */; };
		BAC313642E40481200D111E1 /* VLPlayerLib.framework in Frameworks */ = {isa = PBXBuildFile; fileRef = BAC3135F2E40480700D111E1 /* VLPlayerLib.framework */; };
		BAC313652E40481200D111E1 /* VLPlayerLib.framework in Embed Frameworks */ = {isa = PBXBuildFile; fileRef = BAC3135F2E40480700D111E1 /* VLPlayerLib.framework */; settings = {ATTRIBUTES = (CodeSignOnCopy, RemoveHeadersOnCopy, ); }; };
		BAC313692E40483400D111E1 /* BitmovinPlayer in Frameworks */ = {isa = PBXBuildFile; productRef = BAC313682E40483400D111E1 /* BitmovinPlayer */; };
		BAC3136C2E40485100D111E1 /* MUXSDKStats in Frameworks */ = {isa = PBXBuildFile; productRef = BAC3136B2E40485100D111E1 /* MUXSDKStats */; };
		BAC3137D2E40488100D111E1 /* VLAnalyticsLib.framework in Frameworks */ = {isa = PBXBuildFile; fileRef = BAC313782E40487500D111E1 /* VLAnalyticsLib.framework */; };
		BAC3137E2E40488100D111E1 /* VLAnalyticsLib.framework in Embed Frameworks */ = {isa = PBXBuildFile; fileRef = BAC313782E40487500D111E1 /* VLAnalyticsLib.framework */; settings = {ATTRIBUTES = (CodeSignOnCopy, RemoveHeadersOnCopy, ); }; };
		BAC313812E4048AE00D111E1 /* VLAuthentication in Frameworks */ = {isa = PBXBuildFile; productRef = BAC313802E4048AE00D111E1 /* VLAuthentication */; };
		BAC313842E4049CA00D111E1 /* TokenIdentity.swift in Sources */ = {isa = PBXBuildFile; fileRef = BAC313822E4049CA00D111E1 /* TokenIdentity.swift */; };
		BAC313852E4049CA00D111E1 /* UserManager.swift in Sources */ = {isa = PBXBuildFile; fileRef = BAC313832E4049CA00D111E1 /* UserManager.swift */; };
		BAC313862E4049CA00D111E1 /* TokenIdentity.swift in Sources */ = {isa = PBXBuildFile; fileRef = BAC313822E4049CA00D111E1 /* TokenIdentity.swift */; };
		BAC313872E4049CA00D111E1 /* UserManager.swift in Sources */ = {isa = PBXBuildFile; fileRef = BAC313832E4049CA00D111E1 /* UserManager.swift */; };
		BAC313882E4049CA00D111E1 /* TokenIdentity.swift in Sources */ = {isa = PBXBuildFile; fileRef = BAC313822E4049CA00D111E1 /* TokenIdentity.swift */; };
		BAC313892E4049CA00D111E1 /* UserManager.swift in Sources */ = {isa = PBXBuildFile; fileRef = BAC313832E4049CA00D111E1 /* UserManager.swift */; };
		BAC3138C2E404A3500D111E1 /* VLVideoResponseModel.swift in Sources */ = {isa = PBXBuildFile; fileRef = BAC3138B2E404A3500D111E1 /* VLVideoResponseModel.swift */; };
		BAC3138D2E404A3500D111E1 /* VideoPlaybackController+Analytics.swift in Sources */ = {isa = PBXBuildFile; fileRef = BAC3138A2E404A3500D111E1 /* VideoPlaybackController+Analytics.swift */; };
		BACF6D7E2E40A23C008061DD /* VLPlayerLib.framework in Frameworks */ = {isa = PBXBuildFile; fileRef = BAC313612E40480700D111E1 /* VLPlayerLib.framework */; };
		BACF6D7F2E40A23C008061DD /* VLPlayerLib.framework in Embed Frameworks */ = {isa = PBXBuildFile; fileRef = BAC313612E40480700D111E1 /* VLPlayerLib.framework */; settings = {ATTRIBUTES = (CodeSignOnCopy, RemoveHeadersOnCopy, ); }; };
		BACF9E762E40A2A3008061DD /* VLAnalyticsLib.framework in Frameworks */ = {isa = PBXBuildFile; fileRef = BAC3137A2E40487500D111E1 /* VLAnalyticsLib.framework */; };
		BACF9E772E40A2A3008061DD /* VLAnalyticsLib.framework in Embed Frameworks */ = {isa = PBXBuildFile; fileRef = BAC3137A2E40487500D111E1 /* VLAnalyticsLib.framework */; settings = {ATTRIBUTES = (CodeSignOnCopy, RemoveHeadersOnCopy, ); }; };
		BACF9FA92E40AA94008061DD /* VLAuthentication in Frameworks */ = {isa = PBXBuildFile; productRef = BACF9FA82E40AA94008061DD /* VLAuthentication */; };
		BACF9FAB2E40AAF3008061DD /* AppDelegate+extension.swift in Sources */ = {isa = PBXBuildFile; fileRef = BACF9FAA2E40AAEE008061DD /* AppDelegate+extension.swift */; };
		BACF9FAC2E40AAF3008061DD /* AppDelegate+extension.swift in Sources */ = {isa = PBXBuildFile; fileRef = BACF9FAA2E40AAEE008061DD /* AppDelegate+extension.swift */; };
		BACF9FAD2E40AAF3008061DD /* AppDelegate+extension.swift in Sources */ = {isa = PBXBuildFile; fileRef = BACF9FAA2E40AAEE008061DD /* AppDelegate+extension.swift */; };
		D27C147A2E31416800A3728B /* CustomPaywallView.swift in Sources */ = {isa = PBXBuildFile; fileRef = D27C14782E31416800A3728B /* CustomPaywallView.swift */; };
		D29314352E20E9E2000C2902 /* AssetListViewController.swift in Sources */ = {isa = PBXBuildFile; fileRef = D29314312E20E9E2000C2902 /* AssetListViewController.swift */; };
		D29314362E20E9E2000C2902 /* AssetsListViewController+Services.swift in Sources */ = {isa = PBXBuildFile; fileRef = D29314332E20E9E2000C2902 /* AssetsListViewController+Services.swift */; };
		D29314372E20E9E2000C2902 /* entitlement.json in Resources */ = {isa = PBXBuildFile; fileRef = D29314342E20E9E2000C2902 /* entitlement.json */; };
		D29314382E20E9E2000C2902 /* assets-provider.json in Resources */ = {isa = PBXBuildFile; fileRef = D29314322E20E9E2000C2902 /* assets-provider.json */; };
		D29314392E20E9E2000C2902 /* entitlement.json in Resources */ = {isa = PBXBuildFile; fileRef = D29314342E20E9E2000C2902 /* entitlement.json */; };
		D293143A2E20E9E2000C2902 /* assets-provider.json in Resources */ = {isa = PBXBuildFile; fileRef = D29314322E20E9E2000C2902 /* assets-provider.json */; };
		D293143B2E20E9E2000C2902 /* AssetListViewController.swift in Sources */ = {isa = PBXBuildFile; fileRef = D29314312E20E9E2000C2902 /* AssetListViewController.swift */; };
		D293143C2E20E9E2000C2902 /* AssetsListViewController+Services.swift in Sources */ = {isa = PBXBuildFile; fileRef = D29314332E20E9E2000C2902 /* AssetsListViewController+Services.swift */; };
		D2A15DA62E281AD900F88E09 /* NetworkHandler.swift in Sources */ = {isa = PBXBuildFile; fileRef = F74E54DF27461E8500016E7F /* NetworkHandler.swift */; };
		D2A15DA72E281AD900F88E09 /* ViewController.swift in Sources */ = {isa = PBXBuildFile; fileRef = 5422EFF5209912C600206D66 /* ViewController.swift */; };
		D2A15DA82E281AD900F88E09 /* CustomVideoControls.swift in Sources */ = {isa = PBXBuildFile; fileRef = 54703A0A20CAFE9A003B543D /* CustomVideoControls.swift */; };
		D2A15DA92E281AD900F88E09 /* FullScreenPlayerViewController.swift in Sources */ = {isa = PBXBuildFile; fileRef = 5455724720F3CD5A001BCC24 /* FullScreenPlayerViewController.swift */; };
		D2A15DAA2E281AD900F88E09 /* VideoPlaybackController.swift in Sources */ = {isa = PBXBuildFile; fileRef = F79C5384274384C400FFDB88 /* VideoPlaybackController.swift */; };
		D2A15DAB2E281AD900F88E09 /* VideoList.swift in Sources */ = {isa = PBXBuildFile; fileRef = F79C538827438CBD00FFDB88 /* VideoList.swift */; };
		D2A15DAC2E281AD900F88E09 /* VideoList.swift in Sources */ = {isa = PBXBuildFile; fileRef = F79C538827438CBD00FFDB88 /* VideoList.swift */; };
		D2A15DAF2E281AD900F88E09 /* NetworkHandler.swift in Sources */ = {isa = PBXBuildFile; fileRef = F74E54DF27461E8500016E7F /* NetworkHandler.swift */; };
		D2A15DB02E281AD900F88E09 /* AssetsListViewController+Services.swift in Sources */ = {isa = PBXBuildFile; fileRef = D29314332E20E9E2000C2902 /* AssetsListViewController+Services.swift */; };
		D2A15DB32E281AD900F88E09 /* AssetListViewController.swift in Sources */ = {isa = PBXBuildFile; fileRef = D29314312E20E9E2000C2902 /* AssetListViewController.swift */; };
		D2A15DB42E281AE500F88E09 /* VideoList.json in Resources */ = {isa = PBXBuildFile; fileRef = F79C538627438BD700FFDB88 /* VideoList.json */; };
		D2A15DB52E281AE500F88E09 /* entitlement.json in Resources */ = {isa = PBXBuildFile; fileRef = D29314342E20E9E2000C2902 /* entitlement.json */; };
		D2A15DB62E281AE500F88E09 /* VideoList.json in Resources */ = {isa = PBXBuildFile; fileRef = F79C538627438BD700FFDB88 /* VideoList.json */; };
		D2A15DB72E281AE500F88E09 /* assets-provider.json in Resources */ = {isa = PBXBuildFile; fileRef = D29314322E20E9E2000C2902 /* assets-provider.json */; };
		D2AE024D2E2F994100C9D312 /* AssetInfoViewController.swift in Sources */ = {isa = PBXBuildFile; fileRef = D2AE024C2E2F994100C9D312 /* AssetInfoViewController.swift */; };
		D2AE024E2E2F994100C9D312 /* AssetInfoViewController.swift in Sources */ = {isa = PBXBuildFile; fileRef = D2AE024C2E2F994100C9D312 /* AssetInfoViewController.swift */; };
		D2AE024F2E2F994100C9D312 /* AssetInfoViewController.swift in Sources */ = {isa = PBXBuildFile; fileRef = D2AE024C2E2F994100C9D312 /* AssetInfoViewController.swift */; };
		D2AE02512E2F999600C9D312 /* AssetModel.swift in Sources */ = {isa = PBXBuildFile; fileRef = D2AE02502E2F999600C9D312 /* AssetModel.swift */; };
		D2AE02522E2F999600C9D312 /* AssetModel.swift in Sources */ = {isa = PBXBuildFile; fileRef = D2AE02502E2F999600C9D312 /* AssetModel.swift */; };
		D2AE02532E2F999600C9D312 /* AssetModel.swift in Sources */ = {isa = PBXBuildFile; fileRef = D2AE02502E2F999600C9D312 /* AssetModel.swift */; };
		D2AE02552E2F99D400C9D312 /* AssetTableViewCell.swift in Sources */ = {isa = PBXBuildFile; fileRef = D2AE02542E2F99D400C9D312 /* AssetTableViewCell.swift */; };
		D2AE02562E2F99D400C9D312 /* AssetTableViewCell.swift in Sources */ = {isa = PBXBuildFile; fileRef = D2AE02542E2F99D400C9D312 /* AssetTableViewCell.swift */; };
		D2AE02572E2F99D400C9D312 /* AssetTableViewCell.swift in Sources */ = {isa = PBXBuildFile; fileRef = D2AE02542E2F99D400C9D312 /* AssetTableViewCell.swift */; };
		D2AE02592E2F9DB400C9D312 /* ConfigurableHeaderView.swift in Sources */ = {isa = PBXBuildFile; fileRef = D2AE02582E2F9DB400C9D312 /* ConfigurableHeaderView.swift */; };
		D2AE025A2E2F9DB400C9D312 /* ConfigurableHeaderView.swift in Sources */ = {isa = PBXBuildFile; fileRef = D2AE02582E2F9DB400C9D312 /* ConfigurableHeaderView.swift */; };
		D2AE025B2E2F9DB400C9D312 /* ConfigurableHeaderView.swift in Sources */ = {isa = PBXBuildFile; fileRef = D2AE02582E2F9DB400C9D312 /* ConfigurableHeaderView.swift */; };
		D2AE025D2E2FA0C700C9D312 /* ConfigurableItemRowView.swift in Sources */ = {isa = PBXBuildFile; fileRef = D2AE025C2E2FA0C700C9D312 /* ConfigurableItemRowView.swift */; };
		D2AE025E2E2FA0C700C9D312 /* ConfigurableItemRowView.swift in Sources */ = {isa = PBXBuildFile; fileRef = D2AE025C2E2FA0C700C9D312 /* ConfigurableItemRowView.swift */; };
		D2AE025F2E2FA0C700C9D312 /* ConfigurableItemRowView.swift in Sources */ = {isa = PBXBuildFile; fileRef = D2AE025C2E2FA0C700C9D312 /* ConfigurableItemRowView.swift */; };
		F74E54E027461E8500016E7F /* NetworkHandler.swift in Sources */ = {isa = PBXBuildFile; fileRef = F74E54DF27461E8500016E7F /* NetworkHandler.swift */; };
		F79C5385274384C400FFDB88 /* VideoPlaybackController.swift in Sources */ = {isa = PBXBuildFile; fileRef = F79C5384274384C400FFDB88 /* VideoPlaybackController.swift */; };
		F79C538727438BD700FFDB88 /* VideoList.json in Resources */ = {isa = PBXBuildFile; fileRef = F79C538627438BD700FFDB88 /* VideoList.json */; };
		F79C538927438CBD00FFDB88 /* VideoList.swift in Sources */ = {isa = PBXBuildFile; fileRef = F79C538827438CBD00FFDB88 /* VideoList.swift */; };
		F7EAFF0D275F3AA700B46BDE /* ViewliftPlayerSampleAppUITests.swift in Sources */ = {isa = PBXBuildFile; fileRef = F7EAFF0C275F3AA700B46BDE /* ViewliftPlayerSampleAppUITests.swift */; };
		F7EAFF0F275F3AA700B46BDE /* ViewliftPlayerSampleAppUITestsLaunchTests.swift in Sources */ = {isa = PBXBuildFile; fileRef = F7EAFF0E275F3AA700B46BDE /* ViewliftPlayerSampleAppUITestsLaunchTests.swift */; };
/* End PBXBuildFile section */

/* Begin PBXContainerItemProxy section */
		BAC3135A2E40480700D111E1 /* PBXContainerItemProxy */ = {
			isa = PBXContainerItemProxy;
			containerPortal = BAC3134F2E40480700D111E1 /* VLPlayer.xcodeproj */;
			proxyType = 2;
			remoteGlobalIDString = F7818E45275A20D400699525;
			remoteInfo = VLPlayerTests;
		};
		BAC3135C2E40480700D111E1 /* PBXContainerItemProxy */ = {
			isa = PBXContainerItemProxy;
			containerPortal = BAC3134F2E40480700D111E1 /* VLPlayer.xcodeproj */;
			proxyType = 2;
			remoteGlobalIDString = F7E28B9D27A3D80E0034D2BD;
			remoteInfo = VLPlayer_test;
		};
		BAC3135E2E40480700D111E1 /* PBXContainerItemProxy */ = {
			isa = PBXContainerItemProxy;
			containerPortal = BAC3134F2E40480700D111E1 /* VLPlayer.xcodeproj */;
			proxyType = 2;
			remoteGlobalIDString = F79B0434283E365B00EF7FC8;
			remoteInfo = VLPlayerLib;
		};
		BAC313602E40480700D111E1 /* PBXContainerItemProxy */ = {
			isa = PBXContainerItemProxy;
			containerPortal = BAC3134F2E40480700D111E1 /* VLPlayer.xcodeproj */;
			proxyType = 2;
			remoteGlobalIDString = 9A1C360A2988EDE400F272B8;
			remoteInfo = VLPlayerLib_tvOS;
		};
		BAC313622E40480700D111E1 /* PBXContainerItemProxy */ = {
			isa = PBXContainerItemProxy;
			containerPortal = BAC3134F2E40480700D111E1 /* VLPlayer.xcodeproj */;
			proxyType = 2;
			remoteGlobalIDString = 9A1C36132988EDE400F272B8;
			remoteInfo = VLPlayerLib_tvOSTests;
		};
		BAC313772E40487500D111E1 /* PBXContainerItemProxy */ = {
			isa = PBXContainerItemProxy;
			containerPortal = BAC3136D2E40487500D111E1 /* VLAnalytics.xcodeproj */;
			proxyType = 2;
			remoteGlobalIDString = 882BBC16291383640074B7A0;
			remoteInfo = VLAnalyticsLib;
		};
		BAC313792E40487500D111E1 /* PBXContainerItemProxy */ = {
			isa = PBXContainerItemProxy;
			containerPortal = BAC3136D2E40487500D111E1 /* VLAnalytics.xcodeproj */;
			proxyType = 2;
			remoteGlobalIDString = 887C2716292F696D00BA73F7;
			remoteInfo = VLAnalyticsLib_tvOS;
		};
		BAC3137B2E40487500D111E1 /* PBXContainerItemProxy */ = {
			isa = PBXContainerItemProxy;
			containerPortal = BAC3136D2E40487500D111E1 /* VLAnalytics.xcodeproj */;
			proxyType = 2;
			remoteGlobalIDString = 882BBC20291383640074B7A0;
			remoteInfo = VLAnalyticsTests;
		};
		F7EAFF10275F3AA700B46BDE /* PBXContainerItemProxy */ = {
			isa = PBXContainerItemProxy;
			containerPortal = 5422EFE8209912C600206D66 /* Project object */;
			proxyType = 1;
			remoteGlobalIDString = 5422EFEF209912C600206D66;
			remoteInfo = ViewliftPlayerSampleApp;
		};
/* End PBXContainerItemProxy section */

/* Begin PBXCopyFilesBuildPhase section */
		BAC313662E40481200D111E1 /* Embed Frameworks */ = {
			isa = PBXCopyFilesBuildPhase;
			buildActionMask = 2147483647;
			dstPath = "";
			dstSubfolderSpec = 10;
			files = (
				BAC313652E40481200D111E1 /* VLPlayerLib.framework in Embed Frameworks */,
				BAC3137E2E40488100D111E1 /* VLAnalyticsLib.framework in Embed Frameworks */,
			);
			name = "Embed Frameworks";
			runOnlyForDeploymentPostprocessing = 0;
		};
		BACF6D802E40A23C008061DD /* Embed Frameworks */ = {
			isa = PBXCopyFilesBuildPhase;
			buildActionMask = 2147483647;
			dstPath = "";
			dstSubfolderSpec = 10;
			files = (
				BACF9E772E40A2A3008061DD /* VLAnalyticsLib.framework in Embed Frameworks */,
				BACF6D7F2E40A23C008061DD /* VLPlayerLib.framework in Embed Frameworks */,
			);
			name = "Embed Frameworks";
			runOnlyForDeploymentPostprocessing = 0;
		};
/* End PBXCopyFilesBuildPhase section */

/* Begin PBXFileReference section */
		5422EFF0209912C600206D66 /* ViewliftPlayerSampleApp.app */ = {isa = PBXFileReference; explicitFileType = wrapper.application; includeInIndex = 0; path = ViewliftPlayerSampleApp.app; sourceTree = BUILT_PRODUCTS_DIR; };
		5422EFF3209912C600206D66 /* AppDelegate.swift */ = {isa = PBXFileReference; lastKnownFileType = sourcecode.swift; path = AppDelegate.swift; sourceTree = "<group>"; };
		5422EFF5209912C600206D66 /* ViewController.swift */ = {isa = PBXFileReference; lastKnownFileType = sourcecode.swift; path = ViewController.swift; sourceTree = "<group>"; };
		5422EFF8209912C600206D66 /* Base */ = {isa = PBXFileReference; lastKnownFileType = file.storyboard; name = Base; path = Base.lproj/Main.storyboard; sourceTree = "<group>"; };
		5422EFFA209912C600206D66 /* Assets.xcassets */ = {isa = PBXFileReference; lastKnownFileType = folder.assetcatalog; path = Assets.xcassets; sourceTree = "<group>"; };
		5422EFFD209912C600206D66 /* Base */ = {isa = PBXFileReference; lastKnownFileType = file.storyboard; name = Base; path = Base.lproj/LaunchScreen.storyboard; sourceTree = "<group>"; };
		5422EFFF209912C600206D66 /* Info.plist */ = {isa = PBXFileReference; lastKnownFileType = text.plist.xml; path = Info.plist; sourceTree = "<group>"; };
		5455724720F3CD5A001BCC24 /* FullScreenPlayerViewController.swift */ = {isa = PBXFileReference; lastKnownFileType = sourcecode.swift; path = FullScreenPlayerViewController.swift; sourceTree = "<group>"; };
		54703A0A20CAFE9A003B543D /* CustomVideoControls.swift */ = {isa = PBXFileReference; fileEncoding = 4; lastKnownFileType = sourcecode.swift; path = CustomVideoControls.swift; sourceTree = "<group>"; };
		BAC3134F2E40480700D111E1 /* VLPlayer.xcodeproj */ = {isa = PBXFileReference; lastKnownFileType = "wrapper.pb-project"; name = VLPlayer.xcodeproj; path = "../iosplayer-sdk/VLPlayer/VLPlayer.xcodeproj"; sourceTree = SOURCE_ROOT; };
		BAC3136D2E40487500D111E1 /* VLAnalytics.xcodeproj */ = {isa = PBXFileReference; lastKnownFileType = "wrapper.pb-project"; name = VLAnalytics.xcodeproj; path = "../ios-analytics-sdk/VLAnalytics/VLAnalytics.xcodeproj"; sourceTree = SOURCE_ROOT; };
		BAC313822E4049CA00D111E1 /* TokenIdentity.swift */ = {isa = PBXFileReference; lastKnownFileType = sourcecode.swift; path = TokenIdentity.swift; sourceTree = "<group>"; };
		BAC313832E4049CA00D111E1 /* UserManager.swift */ = {isa = PBXFileReference; lastKnownFileType = sourcecode.swift; path = UserManager.swift; sourceTree = "<group>"; };
		BAC3138A2E404A3500D111E1 /* VideoPlaybackController+Analytics.swift */ = {isa = PBXFileReference; lastKnownFileType = sourcecode.swift; path = "VideoPlaybackController+Analytics.swift"; sourceTree = "<group>"; };
		BAC3138B2E404A3500D111E1 /* VLVideoResponseModel.swift */ = {isa = PBXFileReference; lastKnownFileType = sourcecode.swift; path = VLVideoResponseModel.swift; sourceTree = "<group>"; };
		BACF9FAA2E40AAEE008061DD /* AppDelegate+extension.swift */ = {isa = PBXFileReference; lastKnownFileType = sourcecode.swift; path = "AppDelegate+extension.swift"; sourceTree = "<group>"; };
		D27C14782E31416800A3728B /* CustomPaywallView.swift */ = {isa = PBXFileReference; lastKnownFileType = sourcecode.swift; path = CustomPaywallView.swift; sourceTree = "<group>"; };
		D29314312E20E9E2000C2902 /* AssetListViewController.swift */ = {isa = PBXFileReference; lastKnownFileType = sourcecode.swift; path = AssetListViewController.swift; sourceTree = "<group>"; };
		D29314322E20E9E2000C2902 /* assets-provider.json */ = {isa = PBXFileReference; lastKnownFileType = text.json; path = "assets-provider.json"; sourceTree = "<group>"; };
		D29314332E20E9E2000C2902 /* AssetsListViewController+Services.swift */ = {isa = PBXFileReference; lastKnownFileType = sourcecode.swift; path = "AssetsListViewController+Services.swift"; sourceTree = "<group>"; };
		D29314342E20E9E2000C2902 /* entitlement.json */ = {isa = PBXFileReference; lastKnownFileType = text.json; path = entitlement.json; sourceTree = "<group>"; };
		D2A15D8D2E28199900F88E09 /* ViewLiftPlayerSampleApp_tvOS.app */ = {isa = PBXFileReference; explicitFileType = wrapper.application; includeInIndex = 0; path = ViewLiftPlayerSampleApp_tvOS.app; sourceTree = BUILT_PRODUCTS_DIR; };
		D2AE024C2E2F994100C9D312 /* AssetInfoViewController.swift */ = {isa = PBXFileReference; lastKnownFileType = sourcecode.swift; path = AssetInfoViewController.swift; sourceTree = "<group>"; };
		D2AE02502E2F999600C9D312 /* AssetModel.swift */ = {isa = PBXFileReference; lastKnownFileType = sourcecode.swift; path = AssetModel.swift; sourceTree = "<group>"; };
		D2AE02542E2F99D400C9D312 /* AssetTableViewCell.swift */ = {isa = PBXFileReference; lastKnownFileType = sourcecode.swift; path = AssetTableViewCell.swift; sourceTree = "<group>"; };
		D2AE02582E2F9DB400C9D312 /* ConfigurableHeaderView.swift */ = {isa = PBXFileReference; lastKnownFileType = sourcecode.swift; path = ConfigurableHeaderView.swift; sourceTree = "<group>"; };
		D2AE025C2E2FA0C700C9D312 /* ConfigurableItemRowView.swift */ = {isa = PBXFileReference; lastKnownFileType = sourcecode.swift; path = ConfigurableItemRowView.swift; sourceTree = "<group>"; };
		F74E54DF27461E8500016E7F /* NetworkHandler.swift */ = {isa = PBXFileReference; lastKnownFileType = sourcecode.swift; path = NetworkHandler.swift; sourceTree = "<group>"; };
		F79C5384274384C400FFDB88 /* VideoPlaybackController.swift */ = {isa = PBXFileReference; lastKnownFileType = sourcecode.swift; path = VideoPlaybackController.swift; sourceTree = "<group>"; };
		F79C538627438BD700FFDB88 /* VideoList.json */ = {isa = PBXFileReference; fileEncoding = 4; lastKnownFileType = text.json; path = VideoList.json; sourceTree = "<group>"; };
		F79C538827438CBD00FFDB88 /* VideoList.swift */ = {isa = PBXFileReference; lastKnownFileType = sourcecode.swift; path = VideoList.swift; sourceTree = "<group>"; };
		F7EAFF0A275F3AA700B46BDE /* ViewliftPlayerSampleAppUITests.xctest */ = {isa = PBXFileReference; explicitFileType = wrapper.cfbundle; includeInIndex = 0; path = ViewliftPlayerSampleAppUITests.xctest; sourceTree = BUILT_PRODUCTS_DIR; };
		F7EAFF0C275F3AA700B46BDE /* ViewliftPlayerSampleAppUITests.swift */ = {isa = PBXFileReference; lastKnownFileType = sourcecode.swift; path = ViewliftPlayerSampleAppUITests.swift; sourceTree = "<group>"; };
		F7EAFF0E275F3AA700B46BDE /* ViewliftPlayerSampleAppUITestsLaunchTests.swift */ = {isa = PBXFileReference; lastKnownFileType = sourcecode.swift; path = ViewliftPlayerSampleAppUITestsLaunchTests.swift; sourceTree = "<group>"; };
/* End PBXFileReference section */

/* Begin PBXFileSystemSynchronizedRootGroup section */
		D2A15D8E2E28199900F88E09 /* ViewLiftPlayerSampleApp_tvOS */ = {isa = PBXFileSystemSynchronizedRootGroup; explicitFileTypes = {}; explicitFolders = (); path = ViewLiftPlayerSampleApp_tvOS; sourceTree = "<group>"; };
/* End PBXFileSystemSynchronizedRootGroup section */

/* Begin PBXFrameworksBuildPhase section */
		5422EFED209912C600206D66 /* Frameworks */ = {
			isa = PBXFrameworksBuildPhase;
			buildActionMask = 2147483647;
			files = (
				BAC3136C2E40485100D111E1 /* MUXSDKStats in Frameworks */,
				BAC313812E4048AE00D111E1 /* VLAuthentication in Frameworks */,
				BAC3137D2E40488100D111E1 /* VLAnalyticsLib.framework in Frameworks */,
				BAC313642E40481200D111E1 /* VLPlayerLib.framework in Frameworks */,
				BAC313692E40483400D111E1 /* BitmovinPlayer in Frameworks */,
			);
			runOnlyForDeploymentPostprocessing = 0;
		};
		D2A15D8A2E28199900F88E09 /* Frameworks */ = {
			isa = PBXFrameworksBuildPhase;
			buildActionMask = 2147483647;
			files = (
				BACF9E762E40A2A3008061DD /* VLAnalyticsLib.framework in Frameworks */,
				BACF6D7E2E40A23C008061DD /* VLPlayerLib.framework in Frameworks */,
				BACF9FA92E40AA94008061DD /* VLAuthentication in Frameworks */,
			);
			runOnlyForDeploymentPostprocessing = 0;
		};
		F7EAFF07275F3AA700B46BDE /* Frameworks */ = {
			isa = PBXFrameworksBuildPhase;
			buildActionMask = 2147483647;
			files = (
			);
			runOnlyForDeploymentPostprocessing = 0;
		};
/* End PBXFrameworksBuildPhase section */

/* Begin PBXGroup section */
		5422EFE7209912C600206D66 = {
			isa = PBXGroup;
			children = (
				BAC3136D2E40487500D111E1 /* VLAnalytics.xcodeproj */,
				BAC3134F2E40480700D111E1 /* VLPlayer.xcodeproj */,
				D2A15DA52E281A7B00F88E09 /* Shared */,
				5422EFF2209912C600206D66 /* ViewliftPlayerSampleApp */,
				D2A15D8E2E28199900F88E09 /* ViewLiftPlayerSampleApp_tvOS */,
				F7EAFF0B275F3AA700B46BDE /* ViewliftPlayerSampleAppUITests */,
				5422EFF1209912C600206D66 /* Products */,
				5422F0062099162100206D66 /* Frameworks */,
			);
			sourceTree = "<group>";
		};
		5422EFF1209912C600206D66 /* Products */ = {
			isa = PBXGroup;
			children = (
				5422EFF0209912C600206D66 /* ViewliftPlayerSampleApp.app */,
				F7EAFF0A275F3AA700B46BDE /* ViewliftPlayerSampleAppUITests.xctest */,
				D2A15D8D2E28199900F88E09 /* ViewLiftPlayerSampleApp_tvOS.app */,
			);
			name = Products;
			sourceTree = "<group>";
		};
		5422EFF2209912C600206D66 /* ViewliftPlayerSampleApp */ = {
			isa = PBXGroup;
			children = (
				BAC3138A2E404A3500D111E1 /* VideoPlaybackController+Analytics.swift */,
				BAC3138B2E404A3500D111E1 /* VLVideoResponseModel.swift */,
				5455724720F3CD5A001BCC24 /* FullScreenPlayerViewController.swift */,
				F79C5384274384C400FFDB88 /* VideoPlaybackController.swift */,
				D27C14782E31416800A3728B /* CustomPaywallView.swift */,
				54703A0A20CAFE9A003B543D /* CustomVideoControls.swift */,
				5422EFF5209912C600206D66 /* ViewController.swift */,
				5422EFF3209912C600206D66 /* AppDelegate.swift */,
				5422EFF7209912C600206D66 /* Main.storyboard */,
				5422EFFA209912C600206D66 /* Assets.xcassets */,
				5422EFFC209912C600206D66 /* LaunchScreen.storyboard */,
				5422EFFF209912C600206D66 /* Info.plist */,
			);
			path = ViewliftPlayerSampleApp;
			sourceTree = "<group>";
		};
		5422F0062099162100206D66 /* Frameworks */ = {
			isa = PBXGroup;
			children = (
			);
			name = Frameworks;
			sourceTree = "<group>";
		};
		BAC313522E40480700D111E1 /* Products */ = {
			isa = PBXGroup;
			children = (
				BAC3135B2E40480700D111E1 /* VLPlayerTests.xctest */,
				BAC3135D2E40480700D111E1 /* VLPlayer_test.framework */,
				BAC3135F2E40480700D111E1 /* VLPlayerLib.framework */,
				BAC313612E40480700D111E1 /* VLPlayerLib.framework */,
				BAC313632E40480700D111E1 /* VLPlayerLib_tvOSTests.xctest */,
			);
			name = Products;
			sourceTree = "<group>";
		};
		BAC313702E40487500D111E1 /* Products */ = {
			isa = PBXGroup;
			children = (
				BAC313782E40487500D111E1 /* VLAnalyticsLib.framework */,
				BAC3137A2E40487500D111E1 /* VLAnalyticsLib.framework */,
				BAC3137C2E40487500D111E1 /* VLAnalyticsTests.xctest */,
			);
			name = Products;
			sourceTree = "<group>";
		};
		D293143D2E20EA07000C2902 /* json-file */ = {
			isa = PBXGroup;
			children = (
				D29314322E20E9E2000C2902 /* assets-provider.json */,
				D29314342E20E9E2000C2902 /* entitlement.json */,
				F79C538627438BD700FFDB88 /* VideoList.json */,
			);
			path = "json-file";
			sourceTree = "<group>";
		};
		D2A15DA52E281A7B00F88E09 /* Shared */ = {
			isa = PBXGroup;
			children = (
				BACF9FAA2E40AAEE008061DD /* AppDelegate+extension.swift */,
				BAC313822E4049CA00D111E1 /* TokenIdentity.swift */,
				BAC313832E4049CA00D111E1 /* UserManager.swift */,
				D2AE024C2E2F994100C9D312 /* AssetInfoViewController.swift */,
				D2AE02582E2F9DB400C9D312 /* ConfigurableHeaderView.swift */,
				D2AE025C2E2FA0C700C9D312 /* ConfigurableItemRowView.swift */,
				D29314312E20E9E2000C2902 /* AssetListViewController.swift */,
				D2AE02542E2F99D400C9D312 /* AssetTableViewCell.swift */,
				D2AE02502E2F999600C9D312 /* AssetModel.swift */,
				D29314332E20E9E2000C2902 /* AssetsListViewController+Services.swift */,
				F74E54DF27461E8500016E7F /* NetworkHandler.swift */,
				F79C538827438CBD00FFDB88 /* VideoList.swift */,
				D293143D2E20EA07000C2902 /* json-file */,
			);
			path = Shared;
			sourceTree = "<group>";
		};
		F7EAFF0B275F3AA700B46BDE /* ViewliftPlayerSampleAppUITests */ = {
			isa = PBXGroup;
			children = (
				F7EAFF0C275F3AA700B46BDE /* ViewliftPlayerSampleAppUITests.swift */,
				F7EAFF0E275F3AA700B46BDE /* ViewliftPlayerSampleAppUITestsLaunchTests.swift */,
			);
			path = ViewliftPlayerSampleAppUITests;
			sourceTree = "<group>";
		};
/* End PBXGroup section */

/* Begin PBXNativeTarget section */
		5422EFEF209912C600206D66 /* ViewliftPlayerSampleApp */ = {
			isa = PBXNativeTarget;
			buildConfigurationList = 5422F002209912C600206D66 /* Build configuration list for PBXNativeTarget "ViewliftPlayerSampleApp" */;
			buildPhases = (
				5422EFEC209912C600206D66 /* Sources */,
				5422EFED209912C600206D66 /* Frameworks */,
				5422EFEE209912C600206D66 /* Resources */,
				BAC313662E40481200D111E1 /* Embed Frameworks */,
			);
			buildRules = (
			);
			dependencies = (
			);
			name = ViewliftPlayerSampleApp;
			packageProductDependencies = (
				BAC313682E40483400D111E1 /* BitmovinPlayer */,
				BAC3136B2E40485100D111E1 /* MUXSDKStats */,
				BAC313802E4048AE00D111E1 /* VLAuthentication */,
			);
			productName = ViewliftPlayerSampleApp;
			productReference = 5422EFF0209912C600206D66 /* ViewliftPlayerSampleApp.app */;
			productType = "com.apple.product-type.application";
		};
		D2A15D8C2E28199900F88E09 /* ViewLiftPlayerSampleApp_tvOS */ = {
			isa = PBXNativeTarget;
			buildConfigurationList = D2A15DA42E28199A00F88E09 /* Build configuration list for PBXNativeTarget "ViewLiftPlayerSampleApp_tvOS" */;
			buildPhases = (
				D2A15D892E28199900F88E09 /* Sources */,
				D2A15D8A2E28199900F88E09 /* Frameworks */,
				D2A15D8B2E28199900F88E09 /* Resources */,
				BACF6D802E40A23C008061DD /* Embed Frameworks */,
			);
			buildRules = (
			);
			dependencies = (
			);
			fileSystemSynchronizedGroups = (
				D2A15D8E2E28199900F88E09 /* ViewLiftPlayerSampleApp_tvOS */,
			);
			name = ViewLiftPlayerSampleApp_tvOS;
			packageProductDependencies = (
				BACF9FA82E40AA94008061DD /* VLAuthentication */,
			);
			productName = ViewLiftPlayerSampleApp_tvOS;
			productReference = D2A15D8D2E28199900F88E09 /* ViewLiftPlayerSampleApp_tvOS.app */;
			productType = "com.apple.product-type.application";
		};
		F7EAFF09275F3AA700B46BDE /* ViewliftPlayerSampleAppUITests */ = {
			isa = PBXNativeTarget;
			buildConfigurationList = F7EAFF12275F3AA700B46BDE /* Build configuration list for PBXNativeTarget "ViewliftPlayerSampleAppUITests" */;
			buildPhases = (
				F7EAFF06275F3AA700B46BDE /* Sources */,
				F7EAFF07275F3AA700B46BDE /* Frameworks */,
				F7EAFF08275F3AA700B46BDE /* Resources */,
			);
			buildRules = (
			);
			dependencies = (
				F7EAFF11275F3AA700B46BDE /* PBXTargetDependency */,
			);
			name = ViewliftPlayerSampleAppUITests;
			productName = ViewliftPlayerSampleAppUITests;
			productReference = F7EAFF0A275F3AA700B46BDE /* ViewliftPlayerSampleAppUITests.xctest */;
			productType = "com.apple.product-type.bundle.ui-testing";
		};
/* End PBXNativeTarget section */

/* Begin PBXProject section */
		5422EFE8209912C600206D66 /* Project object */ = {
			isa = PBXProject;
			attributes = {
				LastSwiftUpdateCheck = 1640;
				LastUpgradeCheck = 1240;
				ORGANIZATIONNAME = Viewlift;
				TargetAttributes = {
					5422EFEF209912C600206D66 = {
						CreatedOnToolsVersion = 9.2;
					};
					D2A15D8C2E28199900F88E09 = {
						CreatedOnToolsVersion = 16.4;
					};
					F7EAFF09275F3AA700B46BDE = {
						CreatedOnToolsVersion = 13.1;
						ProvisioningStyle = Automatic;
						TestTargetID = 5422EFEF209912C600206D66;
					};
				};
			};
			buildConfigurationList = 5422EFEB209912C600206D66 /* Build configuration list for PBXProject "ViewliftPlayerSampleApp" */;
			compatibilityVersion = "Xcode 8.0";
			developmentRegion = en;
			hasScannedForEncodings = 0;
			knownRegions = (
				en,
				Base,
				de,
				he,
				ar,
				"zh-Hans",
				ja,
				nb,
				es,
				da,
				"es-419",
				"te-IN",
				it,
				sk,
				ms,
				ta,
				sv,
				te,
				cs,
				ko,
				"zh-Hant",
				hu,
				"ta-IN",
				"bn-IN",
				tr,
				pl,
				vi,
				ru,
				af,
				fr,
				fi,
				id,
				nl,
				th,
				pt,
				bn,
				"pt-PT",
				ro,
				hi,
			);
			mainGroup = 5422EFE7209912C600206D66;
			packageReferences = (
				BAC313672E40483400D111E1 /* XCRemoteSwiftPackageReference "player-ios" */,
				BAC3136A2E40485100D111E1 /* XCRemoteSwiftPackageReference "mux-stats-sdk-avplayer" */,
				BACF9FA72E40AA94008061DD /* XCLocalSwiftPackageReference "../../SPM/iOS-VLAuthentication-SPM" */,
			);
			productRefGroup = 5422EFF1209912C600206D66 /* Products */;
			projectDirPath = "";
			projectReferences = (
				{
					ProductGroup = BAC313702E40487500D111E1 /* Products */;
					ProjectRef = BAC3136D2E40487500D111E1 /* VLAnalytics.xcodeproj */;
				},
				{
					ProductGroup = BAC313522E40480700D111E1 /* Products */;
					ProjectRef = BAC3134F2E40480700D111E1 /* VLPlayer.xcodeproj */;
				},
			);
			projectRoot = "";
			targets = (
				5422EFEF209912C600206D66 /* ViewliftPlayerSampleApp */,
				D2A15D8C2E28199900F88E09 /* ViewLiftPlayerSampleApp_tvOS */,
				F7EAFF09275F3AA700B46BDE /* ViewliftPlayerSampleAppUITests */,
			);
		};
/* End PBXProject section */

/* Begin PBXReferenceProxy section */
		BAC3135B2E40480700D111E1 /* VLPlayerTests.xctest */ = {
			isa = PBXReferenceProxy;
			fileType = wrapper.cfbundle;
			path = VLPlayerTests.xctest;
			remoteRef = BAC3135A2E40480700D111E1 /* PBXContainerItemProxy */;
			sourceTree = BUILT_PRODUCTS_DIR;
		};
		BAC3135D2E40480700D111E1 /* VLPlayer_test.framework */ = {
			isa = PBXReferenceProxy;
			fileType = wrapper.framework;
			path = VLPlayer_test.framework;
			remoteRef = BAC3135C2E40480700D111E1 /* PBXContainerItemProxy */;
			sourceTree = BUILT_PRODUCTS_DIR;
		};
		BAC3135F2E40480700D111E1 /* VLPlayerLib.framework */ = {
			isa = PBXReferenceProxy;
			fileType = wrapper.framework;
			path = VLPlayerLib.framework;
			remoteRef = BAC3135E2E40480700D111E1 /* PBXContainerItemProxy */;
			sourceTree = BUILT_PRODUCTS_DIR;
		};
		BAC313612E40480700D111E1 /* VLPlayerLib.framework */ = {
			isa = PBXReferenceProxy;
			fileType = wrapper.framework;
			path = VLPlayerLib.framework;
			remoteRef = BAC313602E40480700D111E1 /* PBXContainerItemProxy */;
			sourceTree = BUILT_PRODUCTS_DIR;
		};
		BAC313632E40480700D111E1 /* VLPlayerLib_tvOSTests.xctest */ = {
			isa = PBXReferenceProxy;
			fileType = wrapper.cfbundle;
			path = VLPlayerLib_tvOSTests.xctest;
			remoteRef = BAC313622E40480700D111E1 /* PBXContainerItemProxy */;
			sourceTree = BUILT_PRODUCTS_DIR;
		};
		BAC313782E40487500D111E1 /* VLAnalyticsLib.framework */ = {
			isa = PBXReferenceProxy;
			fileType = wrapper.framework;
			path = VLAnalyticsLib.framework;
			remoteRef = BAC313772E40487500D111E1 /* PBXContainerItemProxy */;
			sourceTree = BUILT_PRODUCTS_DIR;
		};
		BAC3137A2E40487500D111E1 /* VLAnalyticsLib.framework */ = {
			isa = PBXReferenceProxy;
			fileType = wrapper.framework;
			path = VLAnalyticsLib.framework;
			remoteRef = BAC313792E40487500D111E1 /* PBXContainerItemProxy */;
			sourceTree = BUILT_PRODUCTS_DIR;
		};
		BAC3137C2E40487500D111E1 /* VLAnalyticsTests.xctest */ = {
			isa = PBXReferenceProxy;
			fileType = wrapper.cfbundle;
			path = VLAnalyticsTests.xctest;
			remoteRef = BAC3137B2E40487500D111E1 /* PBXContainerItemProxy */;
			sourceTree = BUILT_PRODUCTS_DIR;
		};
/* End PBXReferenceProxy section */

/* Begin PBXResourcesBuildPhase section */
		5422EFEE209912C600206D66 /* Resources */ = {
			isa = PBXResourcesBuildPhase;
			buildActionMask = 2147483647;
			files = (
				5422EFFE209912C600206D66 /* LaunchScreen.storyboard in Resources */,
				F79C538727438BD700FFDB88 /* VideoList.json in Resources */,
				5422EFFB209912C600206D66 /* Assets.xcassets in Resources */,
				5422EFF9209912C600206D66 /* Main.storyboard in Resources */,
				D29314372E20E9E2000C2902 /* entitlement.json in Resources */,
				D29314382E20E9E2000C2902 /* assets-provider.json in Resources */,
			);
			runOnlyForDeploymentPostprocessing = 0;
		};
		D2A15D8B2E28199900F88E09 /* Resources */ = {
			isa = PBXResourcesBuildPhase;
			buildActionMask = 2147483647;
			files = (
				D2A15DB52E281AE500F88E09 /* entitlement.json in Resources */,
				D2A15DB62E281AE500F88E09 /* VideoList.json in Resources */,
				D2A15DB72E281AE500F88E09 /* assets-provider.json in Resources */,
			);
			runOnlyForDeploymentPostprocessing = 0;
		};
		F7EAFF08275F3AA700B46BDE /* Resources */ = {
			isa = PBXResourcesBuildPhase;
			buildActionMask = 2147483647;
			files = (
				D29314392E20E9E2000C2902 /* entitlement.json in Resources */,
				D2A15DB42E281AE500F88E09 /* VideoList.json in Resources */,
				D293143A2E20E9E2000C2902 /* assets-provider.json in Resources */,
			);
			runOnlyForDeploymentPostprocessing = 0;
		};
/* End PBXResourcesBuildPhase section */

/* Begin PBXSourcesBuildPhase section */
		5422EFEC209912C600206D66 /* Sources */ = {
			isa = PBXSourcesBuildPhase;
			buildActionMask = 2147483647;
			files = (
				5422EFF6209912C600206D66 /* ViewController.swift in Sources */,
				5422EFF4209912C600206D66 /* AppDelegate.swift in Sources */,
				D2AE02552E2F99D400C9D312 /* AssetTableViewCell.swift in Sources */,
				D29314352E20E9E2000C2902 /* AssetListViewController.swift in Sources */,
				D29314362E20E9E2000C2902 /* AssetsListViewController+Services.swift in Sources */,
				F79C5385274384C400FFDB88 /* VideoPlaybackController.swift in Sources */,
				D2AE024D2E2F994100C9D312 /* AssetInfoViewController.swift in Sources */,
				F79C538927438CBD00FFDB88 /* VideoList.swift in Sources */,
				5455724820F3CD5A001BCC24 /* FullScreenPlayerViewController.swift in Sources */,
				D2AE025E2E2FA0C700C9D312 /* ConfigurableItemRowView.swift in Sources */,
				BACF9FAC2E40AAF3008061DD /* AppDelegate+extension.swift in Sources */,
				D2AE02592E2F9DB400C9D312 /* ConfigurableHeaderView.swift in Sources */,
				54703A0C20CAFE9A003B543D /* CustomVideoControls.swift in Sources */,
				F74E54E027461E8500016E7F /* NetworkHandler.swift in Sources */,
				BAC3138C2E404A3500D111E1 /* VLVideoResponseModel.swift in Sources */,
				BAC3138D2E404A3500D111E1 /* VideoPlaybackController+Analytics.swift in Sources */,
				D27C147A2E31416800A3728B /* CustomPaywallView.swift in Sources */,
				D2AE02512E2F999600C9D312 /* AssetModel.swift in Sources */,
				BAC313882E4049CA00D111E1 /* TokenIdentity.swift in Sources */,
				BAC313892E4049CA00D111E1 /* UserManager.swift in Sources */,
			);
			runOnlyForDeploymentPostprocessing = 0;
		};
		D2A15D892E28199900F88E09 /* Sources */ = {
			isa = PBXSourcesBuildPhase;
			buildActionMask = 2147483647;
			files = (
				D2A15DAC2E281AD900F88E09 /* VideoList.swift in Sources */,
				D2A15DAF2E281AD900F88E09 /* NetworkHandler.swift in Sources */,
				D2AE024F2E2F994100C9D312 /* AssetInfoViewController.swift in Sources */,
				D2A15DB02E281AD900F88E09 /* AssetsListViewController+Services.swift in Sources */,
				D2AE02532E2F999600C9D312 /* AssetModel.swift in Sources */,
				BACF9FAB2E40AAF3008061DD /* AppDelegate+extension.swift in Sources */,
				D2AE02562E2F99D400C9D312 /* AssetTableViewCell.swift in Sources */,
				D2A15DB32E281AD900F88E09 /* AssetListViewController.swift in Sources */,
				D2AE025D2E2FA0C700C9D312 /* ConfigurableItemRowView.swift in Sources */,
				D2AE025B2E2F9DB400C9D312 /* ConfigurableHeaderView.swift in Sources */,
				BAC313842E4049CA00D111E1 /* TokenIdentity.swift in Sources */,
				BAC313852E4049CA00D111E1 /* UserManager.swift in Sources */,
			);
			runOnlyForDeploymentPostprocessing = 0;
		};
		F7EAFF06275F3AA700B46BDE /* Sources */ = {
			isa = PBXSourcesBuildPhase;
			buildActionMask = 2147483647;
			files = (
				D293143B2E20E9E2000C2902 /* AssetListViewController.swift in Sources */,
				D2A15DA62E281AD900F88E09 /* NetworkHandler.swift in Sources */,
				D2AE025F2E2FA0C700C9D312 /* ConfigurableItemRowView.swift in Sources */,
				D2A15DA72E281AD900F88E09 /* ViewController.swift in Sources */,
				D2A15DA82E281AD900F88E09 /* CustomVideoControls.swift in Sources */,
				D2AE025A2E2F9DB400C9D312 /* ConfigurableHeaderView.swift in Sources */,
				D2AE02522E2F999600C9D312 /* AssetModel.swift in Sources */,
				D2A15DA92E281AD900F88E09 /* FullScreenPlayerViewController.swift in Sources */,
				D2AE02572E2F99D400C9D312 /* AssetTableViewCell.swift in Sources */,
				D2A15DAA2E281AD900F88E09 /* VideoPlaybackController.swift in Sources */,
				D2A15DAB2E281AD900F88E09 /* VideoList.swift in Sources */,
				D293143C2E20E9E2000C2902 /* AssetsListViewController+Services.swift in Sources */,
				D2AE024E2E2F994100C9D312 /* AssetInfoViewController.swift in Sources */,
				F7EAFF0D275F3AA700B46BDE /* ViewliftPlayerSampleAppUITests.swift in Sources */,
				BACF9FAD2E40AAF3008061DD /* AppDelegate+extension.swift in Sources */,
				F7EAFF0F275F3AA700B46BDE /* ViewliftPlayerSampleAppUITestsLaunchTests.swift in Sources */,
				BAC313862E4049CA00D111E1 /* TokenIdentity.swift in Sources */,
				BAC313872E4049CA00D111E1 /* UserManager.swift in Sources */,
			);
			runOnlyForDeploymentPostprocessing = 0;
		};
/* End PBXSourcesBuildPhase section */

/* Begin PBXTargetDependency section */
		F7EAFF11275F3AA700B46BDE /* PBXTargetDependency */ = {
			isa = PBXTargetDependency;
			target = 5422EFEF209912C600206D66 /* ViewliftPlayerSampleApp */;
			targetProxy = F7EAFF10275F3AA700B46BDE /* PBXContainerItemProxy */;
		};
/* End PBXTargetDependency section */

/* Begin PBXVariantGroup section */
		5422EFF7209912C600206D66 /* Main.storyboard */ = {
			isa = PBXVariantGroup;
			children = (
				5422EFF8209912C600206D66 /* Base */,
			);
			name = Main.storyboard;
			sourceTree = "<group>";
		};
		5422EFFC209912C600206D66 /* LaunchScreen.storyboard */ = {
			isa = PBXVariantGroup;
			children = (
				5422EFFD209912C600206D66 /* Base */,
			);
			name = LaunchScreen.storyboard;
			sourceTree = "<group>";
		};
/* End PBXVariantGroup section */

/* Begin XCBuildConfiguration section */
		5422F000209912C600206D66 /* Debug */ = {
			isa = XCBuildConfiguration;
			buildSettings = {
				ALWAYS_SEARCH_USER_PATHS = NO;
				CLANG_ANALYZER_NONNULL = YES;
				CLANG_ANALYZER_NUMBER_OBJECT_CONVERSION = YES_AGGRESSIVE;
				CLANG_CXX_LANGUAGE_STANDARD = "gnu++14";
				CLANG_CXX_LIBRARY = "libc++";
				CLANG_ENABLE_MODULES = YES;
				CLANG_ENABLE_OBJC_ARC = YES;
				CLANG_WARN_BLOCK_CAPTURE_AUTORELEASING = YES;
				CLANG_WARN_BOOL_CONVERSION = YES;
				CLANG_WARN_COMMA = YES;
				CLANG_WARN_CONSTANT_CONVERSION = YES;
				CLANG_WARN_DEPRECATED_OBJC_IMPLEMENTATIONS = YES;
				CLANG_WARN_DIRECT_OBJC_ISA_USAGE = YES_ERROR;
				CLANG_WARN_DOCUMENTATION_COMMENTS = YES;
				CLANG_WARN_EMPTY_BODY = YES;
				CLANG_WARN_ENUM_CONVERSION = YES;
				CLANG_WARN_INFINITE_RECURSION = YES;
				CLANG_WARN_INT_CONVERSION = YES;
				CLANG_WARN_NON_LITERAL_NULL_CONVERSION = YES;
				CLANG_WARN_OBJC_IMPLICIT_RETAIN_SELF = YES;
				CLANG_WARN_OBJC_LITERAL_CONVERSION = YES;
				CLANG_WARN_OBJC_ROOT_CLASS = YES_ERROR;
				CLANG_WARN_QUOTED_INCLUDE_IN_FRAMEWORK_HEADER = YES;
				CLANG_WARN_RANGE_LOOP_ANALYSIS = YES;
				CLANG_WARN_STRICT_PROTOTYPES = YES;
				CLANG_WARN_SUSPICIOUS_MOVE = YES;
				CLANG_WARN_UNGUARDED_AVAILABILITY = YES_AGGRESSIVE;
				CLANG_WARN_UNREACHABLE_CODE = YES;
				CLANG_WARN__DUPLICATE_METHOD_MATCH = YES;
				CODE_SIGN_IDENTITY = "iPhone Developer";
				COPY_PHASE_STRIP = NO;
				DEBUG_INFORMATION_FORMAT = dwarf;
				ENABLE_STRICT_OBJC_MSGSEND = YES;
				ENABLE_TESTABILITY = YES;
				GCC_C_LANGUAGE_STANDARD = gnu11;
				GCC_DYNAMIC_NO_PIC = NO;
				GCC_NO_COMMON_BLOCKS = YES;
				GCC_OPTIMIZATION_LEVEL = 0;
				GCC_PREPROCESSOR_DEFINITIONS = (
					"DEBUG=1",
					"$(inherited)",
				);
				GCC_WARN_64_TO_32_BIT_CONVERSION = YES;
				GCC_WARN_ABOUT_RETURN_TYPE = YES_ERROR;
				GCC_WARN_UNDECLARED_SELECTOR = YES;
				GCC_WARN_UNINITIALIZED_AUTOS = YES_AGGRESSIVE;
				GCC_WARN_UNUSED_FUNCTION = YES;
				GCC_WARN_UNUSED_VARIABLE = YES;
				IPHONEOS_DEPLOYMENT_TARGET = 14.0;
				MTL_ENABLE_DEBUG_INFO = YES;
				ONLY_ACTIVE_ARCH = YES;
				SDKROOT = iphoneos;
				SWIFT_ACTIVE_COMPILATION_CONDITIONS = DEBUG;
				SWIFT_OPTIMIZATION_LEVEL = "-Onone";
			};
			name = Debug;
		};
		5422F001209912C600206D66 /* Release */ = {
			isa = XCBuildConfiguration;
			buildSettings = {
				ALWAYS_SEARCH_USER_PATHS = NO;
				CLANG_ANALYZER_NONNULL = YES;
				CLANG_ANALYZER_NUMBER_OBJECT_CONVERSION = YES_AGGRESSIVE;
				CLANG_CXX_LANGUAGE_STANDARD = "gnu++14";
				CLANG_CXX_LIBRARY = "libc++";
				CLANG_ENABLE_MODULES = YES;
				CLANG_ENABLE_OBJC_ARC = YES;
				CLANG_WARN_BLOCK_CAPTURE_AUTORELEASING = YES;
				CLANG_WARN_BOOL_CONVERSION = YES;
				CLANG_WARN_COMMA = YES;
				CLANG_WARN_CONSTANT_CONVERSION = YES;
				CLANG_WARN_DEPRECATED_OBJC_IMPLEMENTATIONS = YES;
				CLANG_WARN_DIRECT_OBJC_ISA_USAGE = YES_ERROR;
				CLANG_WARN_DOCUMENTATION_COMMENTS = YES;
				CLANG_WARN_EMPTY_BODY = YES;
				CLANG_WARN_ENUM_CONVERSION = YES;
				CLANG_WARN_INFINITE_RECURSION = YES;
				CLANG_WARN_INT_CONVERSION = YES;
				CLANG_WARN_NON_LITERAL_NULL_CONVERSION = YES;
				CLANG_WARN_OBJC_IMPLICIT_RETAIN_SELF = YES;
				CLANG_WARN_OBJC_LITERAL_CONVERSION = YES;
				CLANG_WARN_OBJC_ROOT_CLASS = YES_ERROR;
				CLANG_WARN_QUOTED_INCLUDE_IN_FRAMEWORK_HEADER = YES;
				CLANG_WARN_RANGE_LOOP_ANALYSIS = YES;
				CLANG_WARN_STRICT_PROTOTYPES = YES;
				CLANG_WARN_SUSPICIOUS_MOVE = YES;
				CLANG_WARN_UNGUARDED_AVAILABILITY = YES_AGGRESSIVE;
				CLANG_WARN_UNREACHABLE_CODE = YES;
				CLANG_WARN__DUPLICATE_METHOD_MATCH = YES;
				CODE_SIGN_IDENTITY = "iPhone Developer";
				COPY_PHASE_STRIP = NO;
				DEBUG_INFORMATION_FORMAT = "dwarf-with-dsym";
				ENABLE_NS_ASSERTIONS = NO;
				ENABLE_STRICT_OBJC_MSGSEND = YES;
				GCC_C_LANGUAGE_STANDARD = gnu11;
				GCC_NO_COMMON_BLOCKS = YES;
				GCC_WARN_64_TO_32_BIT_CONVERSION = YES;
				GCC_WARN_ABOUT_RETURN_TYPE = YES_ERROR;
				GCC_WARN_UNDECLARED_SELECTOR = YES;
				GCC_WARN_UNINITIALIZED_AUTOS = YES_AGGRESSIVE;
				GCC_WARN_UNUSED_FUNCTION = YES;
				GCC_WARN_UNUSED_VARIABLE = YES;
				IPHONEOS_DEPLOYMENT_TARGET = 14.0;
				MTL_ENABLE_DEBUG_INFO = NO;
				SDKROOT = iphoneos;
				SWIFT_COMPILATION_MODE = wholemodule;
				SWIFT_OPTIMIZATION_LEVEL = "-O";
				VALIDATE_PRODUCT = YES;
			};
			name = Release;
		};
		5422F003209912C600206D66 /* Debug */ = {
			isa = XCBuildConfiguration;
			buildSettings = {
				ASSETCATALOG_COMPILER_APPICON_NAME = AppIcon;
				CODE_SIGN_IDENTITY = "Apple Development";
				CODE_SIGN_STYLE = Manual;
				CURRENT_PROJECT_VERSION = 1;
				DEVELOPMENT_TEAM = "";
				ENABLE_BITCODE = NO;
				FRAMEWORK_SEARCH_PATHS = (
					"$(inherited)",
					"$(PROJECT_DIR)/ViewliftPlayerSampleApp",
					"$(PROJECT_DIR)/ViewliftPlayerSampleApp/VLPlayer\\ Frameworks",
					"$(PROJECT_DIR)/ViewliftPlayerSampleApp/VLPlayer\\ Frameworks",
					"$(PROJECT_DIR)/ViewliftPlayerSampleApp/VLPlayer\\ Frameworks",
					"$(PROJECT_DIR)/ViewliftPlayerSampleApp/VLPlayer\\ Frameworks",
					"$(PROJECT_DIR)/ViewliftPlayerSampleApp/VLPlayer\\ Frameworks",
					"$(PROJECT_DIR)/ViewliftPlayerSampleApp/VLPlayer\\ Frameworks",
					"$(PROJECT_DIR)/ViewliftPlayerSampleApp/VLPlayer\\ Frameworks",
					"$(PROJECT_DIR)/ViewliftPlayerSampleApp/VLPlayer\\ Frameworks",
					"$(PROJECT_DIR)/ViewliftPlayerSampleApp/VLPlayer\\ Frameworks",
					"$(PROJECT_DIR)/ViewliftPlayerSampleApp/VLPlayer\\ Frameworks",
					"$(PROJECT_DIR)/ViewliftPlayerSampleApp/VLPlayer\\ Frameworks",
					"$(PROJECT_DIR)/ViewliftPlayerSampleApp/VLPlayer\\ Frameworks",
					"$(PROJECT_DIR)/ViewliftPlayerSampleApp/VLPlayer\\ Frameworks",
					"$(PROJECT_DIR)/ViewliftPlayerSampleApp/VLPlayer\\ Frameworks",
					"$(PROJECT_DIR)/ViewliftPlayerSampleApp/VLPlayer\\ Frameworks",
					"$(PROJECT_DIR)/ViewliftPlayerSampleApp/VLPlayer\\ Frameworks",
					"$(PROJECT_DIR)/ViewliftPlayerSampleApp/VLPlayer\\ Frameworks",
					"$(PROJECT_DIR)/ViewliftPlayerSampleApp/VLPlayer\\ Frameworks",
					"$(PROJECT_DIR)/ViewliftPlayerSampleApp/VLPlayer\\ Frameworks",
					"$(PROJECT_DIR)/ViewliftPlayerSampleApp/VLPlayer\\ Frameworks",
					"$(PROJECT_DIR)/ViewliftPlayerSampleApp/VLPlayer\\ Frameworks",
					"$(PROJECT_DIR)/ViewliftPlayerSampleApp/VLPlayer\\ Frameworks",
					"$(PROJECT_DIR)/ViewliftPlayerSampleApp/VLPlayer\\ Frameworks",
					"$(PROJECT_DIR)/ViewliftPlayerSampleApp/VLPlayer\\ Frameworks",
					"$(PROJECT_DIR)/ViewliftPlayerSampleApp/VLPlayer\\ Frameworks",
					"$(PROJECT_DIR)/ViewliftPlayerSampleApp/VLPlayer\\ Frameworks",
					"$(PROJECT_DIR)/ViewliftPlayerSampleApp/VLPlayer\\ Frameworks",
					"$(PROJECT_DIR)/ViewliftPlayerSampleApp/VLPlayer\\ Frameworks",
					"$(PROJECT_DIR)/ViewliftPlayerSampleApp/VLPlayer\\ Frameworks",
					"$(PROJECT_DIR)/ViewliftPlayerSampleApp/VLPlayer\\ Frameworks",
					"$(PROJECT_DIR)/ViewliftPlayerSampleApp/VLPlayer\\ Frameworks",
					"$(PROJECT_DIR)/ViewliftPlayerSampleApp/VLPlayer\\ Frameworks",
					"$(PROJECT_DIR)/ViewliftPlayerSampleApp/VLPlayer\\ Frameworks",
					"$(PROJECT_DIR)/ViewliftPlayerSampleApp/VLPlayer\\ Frameworks",
					"$(PROJECT_DIR)/ViewliftPlayerSampleApp/VLPlayer\\ Frameworks",
					"$(PROJECT_DIR)/ViewliftPlayerSampleApp/VLPlayer\\ Frameworks",
					"$(PROJECT_DIR)/ViewliftPlayerSampleApp/VLPlayer\\ Frameworks",
					"$(PROJECT_DIR)/ViewliftPlayerSampleApp/VLPlayer\\ Frameworks",
					"$(PROJECT_DIR)/ViewliftPlayerSampleApp/VLPlayer\\ Frameworks",
					"$(PROJECT_DIR)/ViewliftPlayerSampleApp/VLPlayer\\ Frameworks",
					"$(PROJECT_DIR)/ViewliftPlayerSampleApp/VLPlayer\\ Frameworks",
					"$(PROJECT_DIR)/ViewliftPlayerSampleApp/VLPlayer\\ Frameworks",
					"$(PROJECT_DIR)/ViewliftPlayerSampleApp/VLPlayer\\ Frameworks",
					"$(PROJECT_DIR)/ViewliftPlayerSampleApp/VLPlayer\\ Frameworks",
					"$(PROJECT_DIR)/ViewliftPlayerSampleApp/VLPlayer\\ Frameworks",
					"$(PROJECT_DIR)/ViewliftPlayerSampleApp/VLPlayer\\ Frameworks",
					"$(PROJECT_DIR)/ViewliftPlayerSampleApp/VLPlayer\\ Frameworks",
					"$(PROJECT_DIR)/ViewliftPlayerSampleApp/VLPlayer\\ Frameworks",
					"$(PROJECT_DIR)/ViewliftPlayerSampleApp/VLPlayer\\ Frameworks",
					"$(PROJECT_DIR)/ViewliftPlayerSampleApp/VLPlayer\\ Frameworks",
					"$(PROJECT_DIR)/ViewliftPlayerSampleApp/VLPlayer\\ Frameworks",
					"$(PROJECT_DIR)/ViewliftPlayerSampleApp/VLPlayer\\ Frameworks",
					"$(PROJECT_DIR)/ViewliftPlayerSampleApp/VLPlayer\\ Frameworks",
					"$(PROJECT_DIR)/ViewliftPlayerSampleApp/VLPlayer\\ Frameworks",
					"$(PROJECT_DIR)/ViewliftPlayerSampleApp/VLPlayer\\ Frameworks",
					"$(PROJECT_DIR)/ViewliftPlayerSampleApp/VLPlayer\\ Frameworks",
					"$(PROJECT_DIR)/ViewliftPlayerSampleApp/VLPlayer\\ Frameworks",
					"$(PROJECT_DIR)/ViewliftPlayerSampleApp/VLPlayer\\ Frameworks",
					"$(PROJECT_DIR)/ViewliftPlayerSampleApp/VLPlayer\\ Frameworks",
					"$(PROJECT_DIR)/ViewliftPlayerSampleApp/VLPlayer\\ Frameworks",
					"$(PROJECT_DIR)/ViewliftPlayerSampleApp/VLPlayer\\ Frameworks",
					"$(PROJECT_DIR)/ViewliftPlayerSampleApp/VLPlayer\\ Frameworks",
					"$(PROJECT_DIR)/ViewliftPlayerSampleApp/VLPlayer\\ Frameworks",
					"$(PROJECT_DIR)/ViewliftPlayerSampleApp/VLPlayer\\ Frameworks",
					"$(PROJECT_DIR)/ViewliftPlayerSampleApp/VLPlayer\\ Frameworks",
					"$(PROJECT_DIR)/ViewliftPlayerSampleApp/VLPlayer\\ Frameworks",
					"$(PROJECT_DIR)/ViewliftPlayerSampleApp/VLPlayer\\ Frameworks",
					"$(PROJECT_DIR)/ViewliftPlayerSampleApp/VLPlayer\\ Frameworks",
					"$(PROJECT_DIR)/ViewliftPlayerSampleApp/VLPlayer\\ Frameworks",
					"$(PROJECT_DIR)/ViewliftPlayerSampleApp/VLPlayer\\ Frameworks",
					"$(PROJECT_DIR)/ViewliftPlayerSampleApp/VLPlayer\\ Frameworks",
				);
				INFOPLIST_FILE = ViewliftPlayerSampleApp/Info.plist;
				IPHONEOS_DEPLOYMENT_TARGET = 15;
				LD_RUNPATH_SEARCH_PATHS = (
					"$(inherited)",
					"@executable_path/Frameworks",
				);
				MARKETING_VERSION = 1.0;
				PRODUCT_BUNDLE_IDENTIFIER = com.viewlift.sampleapp;
				PRODUCT_NAME = "$(TARGET_NAME)";
				PROVISIONING_PROFILE = "f0d60c43-b3a2-462f-b702-952ae7c78d89";
				PROVISIONING_PROFILE_SPECIFIER = "";
				SUPPORTED_PLATFORMS = "iphoneos iphonesimulator";
				SUPPORTS_MACCATALYST = NO;
				SUPPORTS_XR_DESIGNED_FOR_IPHONE_IPAD = NO;
				SWIFT_VERSION = 5.0;
				TARGETED_DEVICE_FAMILY = "1,2";
				VALIDATE_WORKSPACE = NO;
			};
			name = Debug;
		};
		5422F004209912C600206D66 /* Release */ = {
			isa = XCBuildConfiguration;
			buildSettings = {
				ASSETCATALOG_COMPILER_APPICON_NAME = AppIcon;
				CODE_SIGN_IDENTITY = "Apple Development";
				CODE_SIGN_STYLE = Manual;
				CURRENT_PROJECT_VERSION = 1;
				DEVELOPMENT_TEAM = "";
				ENABLE_BITCODE = NO;
				FRAMEWORK_SEARCH_PATHS = (
					"$(inherited)",
					"$(PROJECT_DIR)/ViewliftPlayerSampleApp",
					"$(PROJECT_DIR)/ViewliftPlayerSampleApp/VLPlayer\\ Frameworks",
					"$(PROJECT_DIR)/ViewliftPlayerSampleApp/VLPlayer\\ Frameworks",
					"$(PROJECT_DIR)/ViewliftPlayerSampleApp/VLPlayer\\ Frameworks",
					"$(PROJECT_DIR)/ViewliftPlayerSampleApp/VLPlayer\\ Frameworks",
					"$(PROJECT_DIR)/ViewliftPlayerSampleApp/VLPlayer\\ Frameworks",
					"$(PROJECT_DIR)/ViewliftPlayerSampleApp/VLPlayer\\ Frameworks",
					"$(PROJECT_DIR)/ViewliftPlayerSampleApp/VLPlayer\\ Frameworks",
					"$(PROJECT_DIR)/ViewliftPlayerSampleApp/VLPlayer\\ Frameworks",
					"$(PROJECT_DIR)/ViewliftPlayerSampleApp/VLPlayer\\ Frameworks",
					"$(PROJECT_DIR)/ViewliftPlayerSampleApp/VLPlayer\\ Frameworks",
					"$(PROJECT_DIR)/ViewliftPlayerSampleApp/VLPlayer\\ Frameworks",
					"$(PROJECT_DIR)/ViewliftPlayerSampleApp/VLPlayer\\ Frameworks",
					"$(PROJECT_DIR)/ViewliftPlayerSampleApp/VLPlayer\\ Frameworks",
					"$(PROJECT_DIR)/ViewliftPlayerSampleApp/VLPlayer\\ Frameworks",
					"$(PROJECT_DIR)/ViewliftPlayerSampleApp/VLPlayer\\ Frameworks",
					"$(PROJECT_DIR)/ViewliftPlayerSampleApp/VLPlayer\\ Frameworks",
					"$(PROJECT_DIR)/ViewliftPlayerSampleApp/VLPlayer\\ Frameworks",
					"$(PROJECT_DIR)/ViewliftPlayerSampleApp/VLPlayer\\ Frameworks",
					"$(PROJECT_DIR)/ViewliftPlayerSampleApp/VLPlayer\\ Frameworks",
					"$(PROJECT_DIR)/ViewliftPlayerSampleApp/VLPlayer\\ Frameworks",
					"$(PROJECT_DIR)/ViewliftPlayerSampleApp/VLPlayer\\ Frameworks",
					"$(PROJECT_DIR)/ViewliftPlayerSampleApp/VLPlayer\\ Frameworks",
					"$(PROJECT_DIR)/ViewliftPlayerSampleApp/VLPlayer\\ Frameworks",
					"$(PROJECT_DIR)/ViewliftPlayerSampleApp/VLPlayer\\ Frameworks",
					"$(PROJECT_DIR)/ViewliftPlayerSampleApp/VLPlayer\\ Frameworks",
					"$(PROJECT_DIR)/ViewliftPlayerSampleApp/VLPlayer\\ Frameworks",
					"$(PROJECT_DIR)/ViewliftPlayerSampleApp/VLPlayer\\ Frameworks",
					"$(PROJECT_DIR)/ViewliftPlayerSampleApp/VLPlayer\\ Frameworks",
					"$(PROJECT_DIR)/ViewliftPlayerSampleApp/VLPlayer\\ Frameworks",
					"$(PROJECT_DIR)/ViewliftPlayerSampleApp/VLPlayer\\ Frameworks",
					"$(PROJECT_DIR)/ViewliftPlayerSampleApp/VLPlayer\\ Frameworks",
					"$(PROJECT_DIR)/ViewliftPlayerSampleApp/VLPlayer\\ Frameworks",
					"$(PROJECT_DIR)/ViewliftPlayerSampleApp/VLPlayer\\ Frameworks",
					"$(PROJECT_DIR)/ViewliftPlayerSampleApp/VLPlayer\\ Frameworks",
					"$(PROJECT_DIR)/ViewliftPlayerSampleApp/VLPlayer\\ Frameworks",
					"$(PROJECT_DIR)/ViewliftPlayerSampleApp/VLPlayer\\ Frameworks",
					"$(PROJECT_DIR)/ViewliftPlayerSampleApp/VLPlayer\\ Frameworks",
					"$(PROJECT_DIR)/ViewliftPlayerSampleApp/VLPlayer\\ Frameworks",
					"$(PROJECT_DIR)/ViewliftPlayerSampleApp/VLPlayer\\ Frameworks",
					"$(PROJECT_DIR)/ViewliftPlayerSampleApp/VLPlayer\\ Frameworks",
					"$(PROJECT_DIR)/ViewliftPlayerSampleApp/VLPlayer\\ Frameworks",
					"$(PROJECT_DIR)/ViewliftPlayerSampleApp/VLPlayer\\ Frameworks",
					"$(PROJECT_DIR)/ViewliftPlayerSampleApp/VLPlayer\\ Frameworks",
					"$(PROJECT_DIR)/ViewliftPlayerSampleApp/VLPlayer\\ Frameworks",
					"$(PROJECT_DIR)/ViewliftPlayerSampleApp/VLPlayer\\ Frameworks",
					"$(PROJECT_DIR)/ViewliftPlayerSampleApp/VLPlayer\\ Frameworks",
					"$(PROJECT_DIR)/ViewliftPlayerSampleApp/VLPlayer\\ Frameworks",
					"$(PROJECT_DIR)/ViewliftPlayerSampleApp/VLPlayer\\ Frameworks",
					"$(PROJECT_DIR)/ViewliftPlayerSampleApp/VLPlayer\\ Frameworks",
					"$(PROJECT_DIR)/ViewliftPlayerSampleApp/VLPlayer\\ Frameworks",
					"$(PROJECT_DIR)/ViewliftPlayerSampleApp/VLPlayer\\ Frameworks",
					"$(PROJECT_DIR)/ViewliftPlayerSampleApp/VLPlayer\\ Frameworks",
					"$(PROJECT_DIR)/ViewliftPlayerSampleApp/VLPlayer\\ Frameworks",
					"$(PROJECT_DIR)/ViewliftPlayerSampleApp/VLPlayer\\ Frameworks",
					"$(PROJECT_DIR)/ViewliftPlayerSampleApp/VLPlayer\\ Frameworks",
					"$(PROJECT_DIR)/ViewliftPlayerSampleApp/VLPlayer\\ Frameworks",
					"$(PROJECT_DIR)/ViewliftPlayerSampleApp/VLPlayer\\ Frameworks",
					"$(PROJECT_DIR)/ViewliftPlayerSampleApp/VLPlayer\\ Frameworks",
					"$(PROJECT_DIR)/ViewliftPlayerSampleApp/VLPlayer\\ Frameworks",
					"$(PROJECT_DIR)/ViewliftPlayerSampleApp/VLPlayer\\ Frameworks",
					"$(PROJECT_DIR)/ViewliftPlayerSampleApp/VLPlayer\\ Frameworks",
					"$(PROJECT_DIR)/ViewliftPlayerSampleApp/VLPlayer\\ Frameworks",
					"$(PROJECT_DIR)/ViewliftPlayerSampleApp/VLPlayer\\ Frameworks",
					"$(PROJECT_DIR)/ViewliftPlayerSampleApp/VLPlayer\\ Frameworks",
					"$(PROJECT_DIR)/ViewliftPlayerSampleApp/VLPlayer\\ Frameworks",
					"$(PROJECT_DIR)/ViewliftPlayerSampleApp/VLPlayer\\ Frameworks",
					"$(PROJECT_DIR)/ViewliftPlayerSampleApp/VLPlayer\\ Frameworks",
					"$(PROJECT_DIR)/ViewliftPlayerSampleApp/VLPlayer\\ Frameworks",
					"$(PROJECT_DIR)/ViewliftPlayerSampleApp/VLPlayer\\ Frameworks",
					"$(PROJECT_DIR)/ViewliftPlayerSampleApp/VLPlayer\\ Frameworks",
					"$(PROJECT_DIR)/ViewliftPlayerSampleApp/VLPlayer\\ Frameworks",
				);
				INFOPLIST_FILE = ViewliftPlayerSampleApp/Info.plist;
				IPHONEOS_DEPLOYMENT_TARGET = 15;
				LD_RUNPATH_SEARCH_PATHS = (
					"$(inherited)",
					"@executable_path/Frameworks",
				);
				MARKETING_VERSION = 1.0;
				ONLY_ACTIVE_ARCH = NO;
				PRODUCT_BUNDLE_IDENTIFIER = com.viewlift.sampleapp;
				PRODUCT_NAME = "$(TARGET_NAME)";
				PROVISIONING_PROFILE = "f0d60c43-b3a2-462f-b702-952ae7c78d89";
				PROVISIONING_PROFILE_SPECIFIER = "";
				SUPPORTED_PLATFORMS = "iphoneos iphonesimulator";
				SUPPORTS_MACCATALYST = NO;
				SUPPORTS_XR_DESIGNED_FOR_IPHONE_IPAD = NO;
				SWIFT_VERSION = 5.0;
				TARGETED_DEVICE_FAMILY = "1,2";
				VALIDATE_WORKSPACE = NO;
			};
			name = Release;
		};
		D2A15D9B2E28199A00F88E09 /* Debug */ = {
			isa = XCBuildConfiguration;
			buildSettings = {
				ASSETCATALOG_COMPILER_APPICON_NAME = "App Icon & Top Shelf Image";
				ASSETCATALOG_COMPILER_GENERATE_SWIFT_ASSET_SYMBOL_EXTENSIONS = YES;
				ASSETCATALOG_COMPILER_GLOBAL_ACCENT_COLOR_NAME = AccentColor;
				CLANG_CXX_LANGUAGE_STANDARD = "gnu++20";
				CLANG_ENABLE_OBJC_WEAK = YES;
				CODE_SIGN_STYLE = Manual;
				CURRENT_PROJECT_VERSION = 1;
				DEVELOPMENT_TEAM = "";
				ENABLE_USER_SCRIPT_SANDBOXING = YES;
				GCC_C_LANGUAGE_STANDARD = gnu17;
				GENERATE_INFOPLIST_FILE = YES;
				INFOPLIST_KEY_UILaunchStoryboardName = LaunchScreen;
				INFOPLIST_KEY_UIMainStoryboardFile = Main;
				INFOPLIST_KEY_UIUserInterfaceStyle = Automatic;
				LD_RUNPATH_SEARCH_PATHS = (
					"$(inherited)",
					"@executable_path/Frameworks",
				);
				LOCALIZATION_PREFERS_STRING_CATALOGS = YES;
				MARKETING_VERSION = 1.0;
				MTL_ENABLE_DEBUG_INFO = INCLUDE_SOURCE;
				MTL_FAST_MATH = YES;
				PRODUCT_BUNDLE_IDENTIFIER = "com.viewlift.sampleapp-tvOS";
				PRODUCT_NAME = "$(TARGET_NAME)";
				PROVISIONING_PROFILE_SPECIFIER = "";
				SDKROOT = appletvos;
				SWIFT_ACTIVE_COMPILATION_CONDITIONS = "DEBUG $(inherited)";
				SWIFT_EMIT_LOC_STRINGS = YES;
				SWIFT_VERSION = 5.0;
				TARGETED_DEVICE_FAMILY = 3;
				TVOS_DEPLOYMENT_TARGET = 15.0;
			};
			name = Debug;
		};
		D2A15D9C2E28199A00F88E09 /* Dev */ = {
			isa = XCBuildConfiguration;
			buildSettings = {
				ASSETCATALOG_COMPILER_APPICON_NAME = "App Icon & Top Shelf Image";
				ASSETCATALOG_COMPILER_GENERATE_SWIFT_ASSET_SYMBOL_EXTENSIONS = YES;
				ASSETCATALOG_COMPILER_GLOBAL_ACCENT_COLOR_NAME = AccentColor;
				CLANG_CXX_LANGUAGE_STANDARD = "gnu++20";
				CLANG_ENABLE_OBJC_WEAK = YES;
				CODE_SIGN_STYLE = Manual;
				CURRENT_PROJECT_VERSION = 1;
				DEVELOPMENT_TEAM = "";
				ENABLE_USER_SCRIPT_SANDBOXING = YES;
				GCC_C_LANGUAGE_STANDARD = gnu17;
				GENERATE_INFOPLIST_FILE = YES;
				INFOPLIST_KEY_UILaunchStoryboardName = LaunchScreen;
				INFOPLIST_KEY_UIMainStoryboardFile = Main;
				INFOPLIST_KEY_UIUserInterfaceStyle = Automatic;
				LD_RUNPATH_SEARCH_PATHS = (
					"$(inherited)",
					"@executable_path/Frameworks",
				);
				LOCALIZATION_PREFERS_STRING_CATALOGS = YES;
				MARKETING_VERSION = 1.0;
				MTL_FAST_MATH = YES;
				PRODUCT_BUNDLE_IDENTIFIER = "com.viewlift.sampleapp-tvOS";
				PRODUCT_NAME = "$(TARGET_NAME)";
				PROVISIONING_PROFILE_SPECIFIER = "";
				SDKROOT = appletvos;
				SWIFT_EMIT_LOC_STRINGS = YES;
				SWIFT_VERSION = 5.0;
				TARGETED_DEVICE_FAMILY = 3;
				TVOS_DEPLOYMENT_TARGET = 15.0;
			};
			name = Dev;
		};
		D2A15D9D2E28199A00F88E09 /* Release */ = {
			isa = XCBuildConfiguration;
			buildSettings = {
				ASSETCATALOG_COMPILER_APPICON_NAME = "App Icon & Top Shelf Image";
				ASSETCATALOG_COMPILER_GENERATE_SWIFT_ASSET_SYMBOL_EXTENSIONS = YES;
				ASSETCATALOG_COMPILER_GLOBAL_ACCENT_COLOR_NAME = AccentColor;
				CLANG_CXX_LANGUAGE_STANDARD = "gnu++20";
				CLANG_ENABLE_OBJC_WEAK = YES;
				CODE_SIGN_STYLE = Manual;
				CURRENT_PROJECT_VERSION = 1;
				DEVELOPMENT_TEAM = "";
				ENABLE_USER_SCRIPT_SANDBOXING = YES;
				GCC_C_LANGUAGE_STANDARD = gnu17;
				GENERATE_INFOPLIST_FILE = YES;
				INFOPLIST_KEY_UILaunchStoryboardName = LaunchScreen;
				INFOPLIST_KEY_UIMainStoryboardFile = Main;
				INFOPLIST_KEY_UIUserInterfaceStyle = Automatic;
				LD_RUNPATH_SEARCH_PATHS = (
					"$(inherited)",
					"@executable_path/Frameworks",
				);
				LOCALIZATION_PREFERS_STRING_CATALOGS = YES;
				MARKETING_VERSION = 1.0;
				MTL_FAST_MATH = YES;
				PRODUCT_BUNDLE_IDENTIFIER = "com.viewlift.sampleapp-tvOS";
				PRODUCT_NAME = "$(TARGET_NAME)";
				PROVISIONING_PROFILE_SPECIFIER = "";
				SDKROOT = appletvos;
				SWIFT_EMIT_LOC_STRINGS = YES;
				SWIFT_VERSION = 5.0;
				TARGETED_DEVICE_FAMILY = 3;
				TVOS_DEPLOYMENT_TARGET = 15.0;
			};
			name = Release;
		};
		F75E61FC2A16100400152F61 /* Dev */ = {
			isa = XCBuildConfiguration;
			buildSettings = {
				ALWAYS_SEARCH_USER_PATHS = NO;
				CLANG_ANALYZER_NONNULL = YES;
				CLANG_ANALYZER_NUMBER_OBJECT_CONVERSION = YES_AGGRESSIVE;
				CLANG_CXX_LANGUAGE_STANDARD = "gnu++14";
				CLANG_CXX_LIBRARY = "libc++";
				CLANG_ENABLE_MODULES = YES;
				CLANG_ENABLE_OBJC_ARC = YES;
				CLANG_WARN_BLOCK_CAPTURE_AUTORELEASING = YES;
				CLANG_WARN_BOOL_CONVERSION = YES;
				CLANG_WARN_COMMA = YES;
				CLANG_WARN_CONSTANT_CONVERSION = YES;
				CLANG_WARN_DEPRECATED_OBJC_IMPLEMENTATIONS = YES;
				CLANG_WARN_DIRECT_OBJC_ISA_USAGE = YES_ERROR;
				CLANG_WARN_DOCUMENTATION_COMMENTS = YES;
				CLANG_WARN_EMPTY_BODY = YES;
				CLANG_WARN_ENUM_CONVERSION = YES;
				CLANG_WARN_INFINITE_RECURSION = YES;
				CLANG_WARN_INT_CONVERSION = YES;
				CLANG_WARN_NON_LITERAL_NULL_CONVERSION = YES;
				CLANG_WARN_OBJC_IMPLICIT_RETAIN_SELF = YES;
				CLANG_WARN_OBJC_LITERAL_CONVERSION = YES;
				CLANG_WARN_OBJC_ROOT_CLASS = YES_ERROR;
				CLANG_WARN_QUOTED_INCLUDE_IN_FRAMEWORK_HEADER = YES;
				CLANG_WARN_RANGE_LOOP_ANALYSIS = YES;
				CLANG_WARN_STRICT_PROTOTYPES = YES;
				CLANG_WARN_SUSPICIOUS_MOVE = YES;
				CLANG_WARN_UNGUARDED_AVAILABILITY = YES_AGGRESSIVE;
				CLANG_WARN_UNREACHABLE_CODE = YES;
				CLANG_WARN__DUPLICATE_METHOD_MATCH = YES;
				CODE_SIGN_IDENTITY = "iPhone Developer";
				COPY_PHASE_STRIP = NO;
				DEBUG_INFORMATION_FORMAT = dwarf;
				ENABLE_STRICT_OBJC_MSGSEND = YES;
				ENABLE_TESTABILITY = YES;
				GCC_C_LANGUAGE_STANDARD = gnu11;
				GCC_DYNAMIC_NO_PIC = NO;
				GCC_NO_COMMON_BLOCKS = YES;
				GCC_OPTIMIZATION_LEVEL = 0;
				GCC_PREPROCESSOR_DEFINITIONS = (
					"DEBUG=1",
					"$(inherited)",
				);
				GCC_WARN_64_TO_32_BIT_CONVERSION = YES;
				GCC_WARN_ABOUT_RETURN_TYPE = YES_ERROR;
				GCC_WARN_UNDECLARED_SELECTOR = YES;
				GCC_WARN_UNINITIALIZED_AUTOS = YES_AGGRESSIVE;
				GCC_WARN_UNUSED_FUNCTION = YES;
				GCC_WARN_UNUSED_VARIABLE = YES;
				IPHONEOS_DEPLOYMENT_TARGET = 14.0;
				MTL_ENABLE_DEBUG_INFO = YES;
				ONLY_ACTIVE_ARCH = YES;
				SDKROOT = iphoneos;
				SWIFT_ACTIVE_COMPILATION_CONDITIONS = DEBUG;
				SWIFT_OPTIMIZATION_LEVEL = "-Onone";
			};
			name = Dev;
		};
		F75E61FD2A16100400152F61 /* Dev */ = {
			isa = XCBuildConfiguration;
			buildSettings = {
				ASSETCATALOG_COMPILER_APPICON_NAME = AppIcon;
				CODE_SIGN_IDENTITY = "Apple Development";
				CODE_SIGN_STYLE = Manual;
				CURRENT_PROJECT_VERSION = 1;
				DEVELOPMENT_TEAM = "";
				ENABLE_BITCODE = NO;
				FRAMEWORK_SEARCH_PATHS = (
					"$(inherited)",
					"$(PROJECT_DIR)/ViewliftPlayerSampleApp",
					"$(PROJECT_DIR)/ViewliftPlayerSampleApp/VLPlayer\\ Frameworks",
					"$(PROJECT_DIR)/ViewliftPlayerSampleApp/VLPlayer\\ Frameworks",
					"$(PROJECT_DIR)/ViewliftPlayerSampleApp/VLPlayer\\ Frameworks",
					"$(PROJECT_DIR)/ViewliftPlayerSampleApp/VLPlayer\\ Frameworks",
					"$(PROJECT_DIR)/ViewliftPlayerSampleApp/VLPlayer\\ Frameworks",
					"$(PROJECT_DIR)/ViewliftPlayerSampleApp/VLPlayer\\ Frameworks",
					"$(PROJECT_DIR)/ViewliftPlayerSampleApp/VLPlayer\\ Frameworks",
					"$(PROJECT_DIR)/ViewliftPlayerSampleApp/VLPlayer\\ Frameworks",
					"$(PROJECT_DIR)/ViewliftPlayerSampleApp/VLPlayer\\ Frameworks",
					"$(PROJECT_DIR)/ViewliftPlayerSampleApp/VLPlayer\\ Frameworks",
					"$(PROJECT_DIR)/ViewliftPlayerSampleApp/VLPlayer\\ Frameworks",
					"$(PROJECT_DIR)/ViewliftPlayerSampleApp/VLPlayer\\ Frameworks",
					"$(PROJECT_DIR)/ViewliftPlayerSampleApp/VLPlayer\\ Frameworks",
					"$(PROJECT_DIR)/ViewliftPlayerSampleApp/VLPlayer\\ Frameworks",
					"$(PROJECT_DIR)/ViewliftPlayerSampleApp/VLPlayer\\ Frameworks",
					"$(PROJECT_DIR)/ViewliftPlayerSampleApp/VLPlayer\\ Frameworks",
					"$(PROJECT_DIR)/ViewliftPlayerSampleApp/VLPlayer\\ Frameworks",
					"$(PROJECT_DIR)/ViewliftPlayerSampleApp/VLPlayer\\ Frameworks",
					"$(PROJECT_DIR)/ViewliftPlayerSampleApp/VLPlayer\\ Frameworks",
					"$(PROJECT_DIR)/ViewliftPlayerSampleApp/VLPlayer\\ Frameworks",
					"$(PROJECT_DIR)/ViewliftPlayerSampleApp/VLPlayer\\ Frameworks",
					"$(PROJECT_DIR)/ViewliftPlayerSampleApp/VLPlayer\\ Frameworks",
					"$(PROJECT_DIR)/ViewliftPlayerSampleApp/VLPlayer\\ Frameworks",
					"$(PROJECT_DIR)/ViewliftPlayerSampleApp/VLPlayer\\ Frameworks",
					"$(PROJECT_DIR)/ViewliftPlayerSampleApp/VLPlayer\\ Frameworks",
					"$(PROJECT_DIR)/ViewliftPlayerSampleApp/VLPlayer\\ Frameworks",
					"$(PROJECT_DIR)/ViewliftPlayerSampleApp/VLPlayer\\ Frameworks",
					"$(PROJECT_DIR)/ViewliftPlayerSampleApp/VLPlayer\\ Frameworks",
					"$(PROJECT_DIR)/ViewliftPlayerSampleApp/VLPlayer\\ Frameworks",
					"$(PROJECT_DIR)/ViewliftPlayerSampleApp/VLPlayer\\ Frameworks",
					"$(PROJECT_DIR)/ViewliftPlayerSampleApp/VLPlayer\\ Frameworks",
					"$(PROJECT_DIR)/ViewliftPlayerSampleApp/VLPlayer\\ Frameworks",
					"$(PROJECT_DIR)/ViewliftPlayerSampleApp/VLPlayer\\ Frameworks",
					"$(PROJECT_DIR)/ViewliftPlayerSampleApp/VLPlayer\\ Frameworks",
					"$(PROJECT_DIR)/ViewliftPlayerSampleApp/VLPlayer\\ Frameworks",
					"$(PROJECT_DIR)/ViewliftPlayerSampleApp/VLPlayer\\ Frameworks",
					"$(PROJECT_DIR)/ViewliftPlayerSampleApp/VLPlayer\\ Frameworks",
					"$(PROJECT_DIR)/ViewliftPlayerSampleApp/VLPlayer\\ Frameworks",
					"$(PROJECT_DIR)/ViewliftPlayerSampleApp/VLPlayer\\ Frameworks",
					"$(PROJECT_DIR)/ViewliftPlayerSampleApp/VLPlayer\\ Frameworks",
					"$(PROJECT_DIR)/ViewliftPlayerSampleApp/VLPlayer\\ Frameworks",
					"$(PROJECT_DIR)/ViewliftPlayerSampleApp/VLPlayer\\ Frameworks",
					"$(PROJECT_DIR)/ViewliftPlayerSampleApp/VLPlayer\\ Frameworks",
					"$(PROJECT_DIR)/ViewliftPlayerSampleApp/VLPlayer\\ Frameworks",
					"$(PROJECT_DIR)/ViewliftPlayerSampleApp/VLPlayer\\ Frameworks",
					"$(PROJECT_DIR)/ViewliftPlayerSampleApp/VLPlayer\\ Frameworks",
					"$(PROJECT_DIR)/ViewliftPlayerSampleApp/VLPlayer\\ Frameworks",
					"$(PROJECT_DIR)/ViewliftPlayerSampleApp/VLPlayer\\ Frameworks",
					"$(PROJECT_DIR)/ViewliftPlayerSampleApp/VLPlayer\\ Frameworks",
					"$(PROJECT_DIR)/ViewliftPlayerSampleApp/VLPlayer\\ Frameworks",
					"$(PROJECT_DIR)/ViewliftPlayerSampleApp/VLPlayer\\ Frameworks",
					"$(PROJECT_DIR)/ViewliftPlayerSampleApp/VLPlayer\\ Frameworks",
					"$(PROJECT_DIR)/ViewliftPlayerSampleApp/VLPlayer\\ Frameworks",
					"$(PROJECT_DIR)/ViewliftPlayerSampleApp/VLPlayer\\ Frameworks",
					"$(PROJECT_DIR)/ViewliftPlayerSampleApp/VLPlayer\\ Frameworks",
					"$(PROJECT_DIR)/ViewliftPlayerSampleApp/VLPlayer\\ Frameworks",
					"$(PROJECT_DIR)/ViewliftPlayerSampleApp/VLPlayer\\ Frameworks",
					"$(PROJECT_DIR)/ViewliftPlayerSampleApp/VLPlayer\\ Frameworks",
					"$(PROJECT_DIR)/ViewliftPlayerSampleApp/VLPlayer\\ Frameworks",
					"$(PROJECT_DIR)/ViewliftPlayerSampleApp/VLPlayer\\ Frameworks",
					"$(PROJECT_DIR)/ViewliftPlayerSampleApp/VLPlayer\\ Frameworks",
					"$(PROJECT_DIR)/ViewliftPlayerSampleApp/VLPlayer\\ Frameworks",
					"$(PROJECT_DIR)/ViewliftPlayerSampleApp/VLPlayer\\ Frameworks",
					"$(PROJECT_DIR)/ViewliftPlayerSampleApp/VLPlayer\\ Frameworks",
					"$(PROJECT_DIR)/ViewliftPlayerSampleApp/VLPlayer\\ Frameworks",
					"$(PROJECT_DIR)/ViewliftPlayerSampleApp/VLPlayer\\ Frameworks",
					"$(PROJECT_DIR)/ViewliftPlayerSampleApp/VLPlayer\\ Frameworks",
					"$(PROJECT_DIR)/ViewliftPlayerSampleApp/VLPlayer\\ Frameworks",
					"$(PROJECT_DIR)/ViewliftPlayerSampleApp/VLPlayer\\ Frameworks",
					"$(PROJECT_DIR)/ViewliftPlayerSampleApp/VLPlayer\\ Frameworks",
					"$(PROJECT_DIR)/ViewliftPlayerSampleApp/VLPlayer\\ Frameworks",
				);
				INFOPLIST_FILE = ViewliftPlayerSampleApp/Info.plist;
				IPHONEOS_DEPLOYMENT_TARGET = 15;
				LD_RUNPATH_SEARCH_PATHS = (
					"$(inherited)",
					"@executable_path/Frameworks",
				);
				MARKETING_VERSION = 1.0;
				PRODUCT_BUNDLE_IDENTIFIER = com.viewlift.sampleapp;
				PRODUCT_NAME = "$(TARGET_NAME)";
				PROVISIONING_PROFILE = "f0d60c43-b3a2-462f-b702-952ae7c78d89";
				PROVISIONING_PROFILE_SPECIFIER = "";
				SUPPORTED_PLATFORMS = "iphoneos iphonesimulator";
				SUPPORTS_MACCATALYST = NO;
				SUPPORTS_XR_DESIGNED_FOR_IPHONE_IPAD = NO;
				SWIFT_VERSION = 5.0;
				TARGETED_DEVICE_FAMILY = "1,2";
				VALIDATE_WORKSPACE = NO;
			};
			name = Dev;
		};
		F75E61FE2A16100400152F61 /* Dev */ = {
			isa = XCBuildConfiguration;
			buildSettings = {
				CLANG_CXX_LANGUAGE_STANDARD = "gnu++17";
				CLANG_ENABLE_OBJC_WEAK = YES;
				CODE_SIGN_STYLE = Automatic;
				CURRENT_PROJECT_VERSION = 1;
				GENERATE_INFOPLIST_FILE = YES;
				IPHONEOS_DEPLOYMENT_TARGET = 15.0;
				LD_RUNPATH_SEARCH_PATHS = (
					"$(inherited)",
					"@executable_path/Frameworks",
					"@loader_path/Frameworks",
				);
				MARKETING_VERSION = 1.0;
				MTL_ENABLE_DEBUG_INFO = INCLUDE_SOURCE;
				MTL_FAST_MATH = YES;
				PRODUCT_BUNDLE_IDENTIFIER = com.test.ViewliftPlayerSampleAppUITests;
				PRODUCT_NAME = "$(TARGET_NAME)";
				PROVISIONING_PROFILE = "f0d60c43-b3a2-462f-b702-952ae7c78d89";
				SWIFT_EMIT_LOC_STRINGS = NO;
				SWIFT_VERSION = 5.0;
				TARGETED_DEVICE_FAMILY = "1,2";
				TEST_TARGET_NAME = ViewliftPlayerSampleApp;
			};
			name = Dev;
		};
		F7EAFF13275F3AA700B46BDE /* Debug */ = {
			isa = XCBuildConfiguration;
			buildSettings = {
				CLANG_CXX_LANGUAGE_STANDARD = "gnu++17";
				CLANG_ENABLE_OBJC_WEAK = YES;
				CODE_SIGN_STYLE = Automatic;
				CURRENT_PROJECT_VERSION = 1;
				GENERATE_INFOPLIST_FILE = YES;
				IPHONEOS_DEPLOYMENT_TARGET = 15.0;
				LD_RUNPATH_SEARCH_PATHS = (
					"$(inherited)",
					"@executable_path/Frameworks",
					"@loader_path/Frameworks",
				);
				MARKETING_VERSION = 1.0;
				MTL_ENABLE_DEBUG_INFO = INCLUDE_SOURCE;
				MTL_FAST_MATH = YES;
				PRODUCT_BUNDLE_IDENTIFIER = com.test.ViewliftPlayerSampleAppUITests;
				PRODUCT_NAME = "$(TARGET_NAME)";
				PROVISIONING_PROFILE = "f0d60c43-b3a2-462f-b702-952ae7c78d89";
				SWIFT_EMIT_LOC_STRINGS = NO;
				SWIFT_VERSION = 5.0;
				TARGETED_DEVICE_FAMILY = "1,2";
				TEST_TARGET_NAME = ViewliftPlayerSampleApp;
			};
			name = Debug;
		};
		F7EAFF14275F3AA700B46BDE /* Release */ = {
			isa = XCBuildConfiguration;
			buildSettings = {
				CLANG_CXX_LANGUAGE_STANDARD = "gnu++17";
				CLANG_ENABLE_OBJC_WEAK = YES;
				CODE_SIGN_STYLE = Automatic;
				CURRENT_PROJECT_VERSION = 1;
				GENERATE_INFOPLIST_FILE = YES;
				IPHONEOS_DEPLOYMENT_TARGET = 15.0;
				LD_RUNPATH_SEARCH_PATHS = (
					"$(inherited)",
					"@executable_path/Frameworks",
					"@loader_path/Frameworks",
				);
				MARKETING_VERSION = 1.0;
				MTL_FAST_MATH = YES;
				PRODUCT_BUNDLE_IDENTIFIER = com.test.ViewliftPlayerSampleAppUITests;
				PRODUCT_NAME = "$(TARGET_NAME)";
				PROVISIONING_PROFILE = "f0d60c43-b3a2-462f-b702-952ae7c78d89";
				SWIFT_EMIT_LOC_STRINGS = NO;
				SWIFT_VERSION = 5.0;
				TARGETED_DEVICE_FAMILY = "1,2";
				TEST_TARGET_NAME = ViewliftPlayerSampleApp;
			};
			name = Release;
		};
/* End XCBuildConfiguration section */

/* Begin XCConfigurationList section */
		5422EFEB209912C600206D66 /* Build configuration list for PBXProject "ViewliftPlayerSampleApp" */ = {
			isa = XCConfigurationList;
			buildConfigurations = (
				5422F000209912C600206D66 /* Debug */,
				F75E61FC2A16100400152F61 /* Dev */,
				5422F001209912C600206D66 /* Release */,
			);
			defaultConfigurationIsVisible = 0;
			defaultConfigurationName = Release;
		};
		5422F002209912C600206D66 /* Build configuration list for PBXNativeTarget "ViewliftPlayerSampleApp" */ = {
			isa = XCConfigurationList;
			buildConfigurations = (
				5422F003209912C600206D66 /* Debug */,
				F75E61FD2A16100400152F61 /* Dev */,
				5422F004209912C600206D66 /* Release */,
			);
			defaultConfigurationIsVisible = 0;
			defaultConfigurationName = Release;
		};
		D2A15DA42E28199A00F88E09 /* Build configuration list for PBXNativeTarget "ViewLiftPlayerSampleApp_tvOS" */ = {
			isa = XCConfigurationList;
			buildConfigurations = (
				D2A15D9B2E28199A00F88E09 /* Debug */,
				D2A15D9C2E28199A00F88E09 /* Dev */,
				D2A15D9D2E28199A00F88E09 /* Release */,
			);
			defaultConfigurationIsVisible = 0;
			defaultConfigurationName = Release;
		};
		F7EAFF12275F3AA700B46BDE /* Build configuration list for PBXNativeTarget "ViewliftPlayerSampleAppUITests" */ = {
			isa = XCConfigurationList;
			buildConfigurations = (
				F7EAFF13275F3AA700B46BDE /* Debug */,
				F75E61FE2A16100400152F61 /* Dev */,
				F7EAFF14275F3AA700B46BDE /* Release */,
			);
			defaultConfigurationIsVisible = 0;
			defaultConfigurationName = Release;
		};
/* End XCConfigurationList section */

/* Begin XCLocalSwiftPackageReference section */
		BACF9FA72E40AA94008061DD /* XCLocalSwiftPackageReference "../../SPM/iOS-VLAuthentication-SPM" */ = {
			isa = XCLocalSwiftPackageReference;
			relativePath = "../../SPM/iOS-VLAuthentication-SPM";
		};
/* End XCLocalSwiftPackageReference section */

/* Begin XCRemoteSwiftPackageReference section */
		BAC313672E40483400D111E1 /* XCRemoteSwiftPackageReference "player-ios" */ = {
			isa = XCRemoteSwiftPackageReference;
			repositoryURL = "https://github.com/bitmovin/player-ios.git";
			requirement = {
				kind = exactVersion;
				version = 3.85.2;
			};
		};
		BAC3136A2E40485100D111E1 /* XCRemoteSwiftPackageReference "mux-stats-sdk-avplayer" */ = {
			isa = XCRemoteSwiftPackageReference;
			repositoryURL = "https://github.com/muxinc/mux-stats-sdk-avplayer.git";
			requirement = {
				kind = exactVersion;
				version = 4.0.0;
			};
		};
/* End XCRemoteSwiftPackageReference section */

/* Begin XCSwiftPackageProductDependency section */
		BAC313682E40483400D111E1 /* BitmovinPlayer */ = {
			isa = XCSwiftPackageProductDependency;
			package = BAC313672E40483400D111E1 /* XCRemoteSwiftPackageReference "player-ios" */;
			productName = BitmovinPlayer;
		};
		BAC3136B2E40485100D111E1 /* MUXSDKStats */ = {
			isa = XCSwiftPackageProductDependency;
			package = BAC3136A2E40485100D111E1 /* XCRemoteSwiftPackageReference "mux-stats-sdk-avplayer" */;
			productName = MUXSDKStats;
		};
		BAC313802E4048AE00D111E1 /* VLAuthentication */ = {
			isa = XCSwiftPackageProductDependency;
			productName = VLAuthentication;
		};
		BACF9FA82E40AA94008061DD /* VLAuthentication */ = {
			isa = XCSwiftPackageProductDependency;
			productName = VLAuthentication;
		};
/* End XCSwiftPackageProductDependency section */
	};
	rootObject = 5422EFE8209912C600206D66 /* Project object */;
}
